// !$*UTF8*$!
{
	archiveVersion = 1;
	classes = {
	};
	objectVersion = 46;
	objects = {

/* Begin PBXBuildFile section */
		180B7B091E962227006FA602 /* main.m in Sources */ = {isa = PBXBuildFile; fileRef = 180B7B081E962227006FA602 /* main.m */; };
		180B7B0C1E962227006FA602 /* AppDelegate.m in Sources */ = {isa = PBXBuildFile; fileRef = 180B7B0B1E962227006FA602 /* AppDelegate.m */; };
		180B7B0F1E962227006FA602 /* ViewController.m in Sources */ = {isa = PBXBuildFile; fileRef = 180B7B0E1E962227006FA602 /* ViewController.m */; };
		180B7B121E962227006FA602 /* Main.storyboard in Resources */ = {isa = PBXBuildFile; fileRef = 180B7B101E962227006FA602 /* Main.storyboard */; };
		180B7B141E962227006FA602 /* Assets.xcassets in Resources */ = {isa = PBXBuildFile; fileRef = 180B7B131E962227006FA602 /* Assets.xcassets */; };
		180B7B171E962227006FA602 /* LaunchScreen.storyboard in Resources */ = {isa = PBXBuildFile; fileRef = 180B7B151E962227006FA602 /* LaunchScreen.storyboard */; };
		180B7B221E962227006FA602 /* QQ_ShareViewTests.m in Sources */ = {isa = PBXBuildFile; fileRef = 180B7B211E962227006FA602 /* QQ_ShareViewTests.m */; };
		180B7B2D1E962227006FA602 /* QQ_ShareViewUITests.m in Sources */ = {isa = PBXBuildFile; fileRef = 180B7B2C1E962227006FA602 /* QQ_ShareViewUITests.m */; };
		180B7B621E963E97006FA602 /* ic_fenxiang11@2x.png in Resources */ = {isa = PBXBuildFile; fileRef = 180B7B481E963E97006FA602 /* ic_fenxiang11@2x.png */; };
		180B7B631E963E97006FA602 /* ic_fenxiang11@3x.png in Resources */ = {isa = PBXBuildFile; fileRef = 180B7B491E963E97006FA602 /* ic_fenxiang11@3x.png */; };
		180B7B641E963E97006FA602 /* ic_kongjian@2x.png in Resources */ = {isa = PBXBuildFile; fileRef = 180B7B4A1E963E97006FA602 /* ic_kongjian@2x.png */; };
		180B7B651E963E97006FA602 /* ic_kongjian@3x.png in Resources */ = {isa = PBXBuildFile; fileRef = 180B7B4B1E963E97006FA602 /* ic_kongjian@3x.png */; };
		180B7B661E963E97006FA602 /* ic_pengyouquan@2x.png in Resources */ = {isa = PBXBuildFile; fileRef = 180B7B4C1E963E97006FA602 /* ic_pengyouquan@2x.png */; };
		180B7B671E963E97006FA602 /* ic_pengyouquan@3x.png in Resources */ = {isa = PBXBuildFile; fileRef = 180B7B4D1E963E97006FA602 /* ic_pengyouquan@3x.png */; };
		180B7B681E963E97006FA602 /* ic_pyq@2x.png in Resources */ = {isa = PBXBuildFile; fileRef = 180B7B4E1E963E97006FA602 /* ic_pyq@2x.png */; };
		180B7B691E963E97006FA602 /* ic_pyq@3x.png in Resources */ = {isa = PBXBuildFile; fileRef = 180B7B4F1E963E97006FA602 /* ic_pyq@3x.png */; };
		180B7B6A1E963E97006FA602 /* ic_qiuqiu@2x.png in Resources */ = {isa = PBXBuildFile; fileRef = 180B7B501E963E97006FA602 /* ic_qiuqiu@2x.png */; };
		180B7B6B1E963E97006FA602 /* ic_qiuqiu@3x.png in Resources */ = {isa = PBXBuildFile; fileRef = 180B7B511E963E97006FA602 /* ic_qiuqiu@3x.png */; };
		180B7B6C1E963E97006FA602 /* ic_qq11@2x.png in Resources */ = {isa = PBXBuildFile; fileRef = 180B7B521E963E97006FA602 /* ic_qq11@2x.png */; };
		180B7B6D1E963E97006FA602 /* ic_qq11@3x.png in Resources */ = {isa = PBXBuildFile; fileRef = 180B7B531E963E97006FA602 /* ic_qq11@3x.png */; };
		180B7B6E1E963E97006FA602 /* ic_qq22@2x.png in Resources */ = {isa = PBXBuildFile; fileRef = 180B7B541E963E97006FA602 /* ic_qq22@2x.png */; };
		180B7B6F1E963E97006FA602 /* ic_qq22@3x.png in Resources */ = {isa = PBXBuildFile; fileRef = 180B7B551E963E97006FA602 /* ic_qq22@3x.png */; };
		180B7B701E963E97006FA602 /* ic_weibo11@2x.png in Resources */ = {isa = PBXBuildFile; fileRef = 180B7B561E963E97006FA602 /* ic_weibo11@2x.png */; };
		180B7B711E963E97006FA602 /* ic_weibo11@3x.png in Resources */ = {isa = PBXBuildFile; fileRef = 180B7B571E963E97006FA602 /* ic_weibo11@3x.png */; };
		180B7B721E963E97006FA602 /* ic_weixin11@2x.png in Resources */ = {isa = PBXBuildFile; fileRef = 180B7B581E963E97006FA602 /* ic_weixin11@2x.png */; };
		180B7B731E963E97006FA602 /* ic_weixin11@3x.png in Resources */ = {isa = PBXBuildFile; fileRef = 180B7B591E963E97006FA602 /* ic_weixin11@3x.png */; };
		180B7B741E963E97006FA602 /* ic_weixin22@2x.png in Resources */ = {isa = PBXBuildFile; fileRef = 180B7B5A1E963E97006FA602 /* ic_weixin22@2x.png */; };
		180B7B751E963E97006FA602 /* ic_weixin22@3x.png in Resources */ = {isa = PBXBuildFile; fileRef = 180B7B5B1E963E97006FA602 /* ic_weixin22@3x.png */; };
		180B7B761E963E97006FA602 /* ic_wxchat@2x.png in Resources */ = {isa = PBXBuildFile; fileRef = 180B7B5C1E963E97006FA602 /* ic_wxchat@2x.png */; };
		180B7B771E963E97006FA602 /* ic_wxchat@3x.png in Resources */ = {isa = PBXBuildFile; fileRef = 180B7B5D1E963E97006FA602 /* ic_wxchat@3x.png */; };
		180B7B781E963E97006FA602 /* ic_zone@2x.png in Resources */ = {isa = PBXBuildFile; fileRef = 180B7B5E1E963E97006FA602 /* ic_zone@2x.png */; };
		180B7B791E963E97006FA602 /* ic_zone@3x.png in Resources */ = {isa = PBXBuildFile; fileRef = 180B7B5F1E963E97006FA602 /* ic_zone@3x.png */; };
		180B7B7A1E963E97006FA602 /* 图层-0qq@2x.png in Resources */ = {isa = PBXBuildFile; fileRef = 180B7B601E963E97006FA602 /* 图层-0qq@2x.png */; };
		180B7B7B1E963E97006FA602 /* 图层-0qq@3x.png in Resources */ = {isa = PBXBuildFile; fileRef = 180B7B611E963E97006FA602 /* 图层-0qq@3x.png */; };
		18BB8A221E9B6D92005CFAAA /* CGM_shareCell.m in Sources */ = {isa = PBXBuildFile; fileRef = 18BB8A1E1E9B6D92005CFAAA /* CGM_shareCell.m */; };
		18BB8A231E9B6D92005CFAAA /* CGM_shareCell.xib in Resources */ = {isa = PBXBuildFile; fileRef = 18BB8A1F1E9B6D92005CFAAA /* CGM_shareCell.xib */; };
		18BB8A241E9B6D92005CFAAA /* CGM_shareView.m in Sources */ = {isa = PBXBuildFile; fileRef = 18BB8A211E9B6D92005CFAAA /* CGM_shareView.m */; };
/* End PBXBuildFile section */

/* Begin PBXContainerItemProxy section */
		180B7B1E1E962227006FA602 /* PBXContainerItemProxy */ = {
			isa = PBXContainerItemProxy;
			containerPortal = 180B7AFC1E962227006FA602 /* Project object */;
			proxyType = 1;
			remoteGlobalIDString = 180B7B031E962227006FA602;
			remoteInfo = QQ_ShareView;
		};
		180B7B291E962227006FA602 /* PBXContainerItemProxy */ = {
			isa = PBXContainerItemProxy;
			containerPortal = 180B7AFC1E962227006FA602 /* Project object */;
			proxyType = 1;
			remoteGlobalIDString = 180B7B031E962227006FA602;
			remoteInfo = QQ_ShareView;
		};
/* End PBXContainerItemProxy section */

/* Begin PBXFileReference section */
		180B7B041E962227006FA602 /* QQ_ShareView.app */ = {isa = PBXFileReference; explicitFileType = wrapper.application; includeInIndex = 0; path = QQ_ShareView.app; sourceTree = BUILT_PRODUCTS_DIR; };
		180B7B081E962227006FA602 /* main.m */ = {isa = PBXFileReference; lastKnownFileType = sourcecode.c.objc; path = main.m; sourceTree = "<group>"; };
		180B7B0A1E962227006FA602 /* AppDelegate.h */ = {isa = PBXFileReference; lastKnownFileType = sourcecode.c.h; path = AppDelegate.h; sourceTree = "<group>"; };
		180B7B0B1E962227006FA602 /* AppDelegate.m */ = {isa = PBXFileReference; lastKnownFileType = sourcecode.c.objc; path = AppDelegate.m; sourceTree = "<group>"; };
		180B7B0D1E962227006FA602 /* ViewController.h */ = {isa = PBXFileReference; lastKnownFileType = sourcecode.c.h; path = ViewController.h; sourceTree = "<group>"; };
		180B7B0E1E962227006FA602 /* ViewController.m */ = {isa = PBXFileReference; lastKnownFileType = sourcecode.c.objc; path = ViewController.m; sourceTree = "<group>"; };
		180B7B111E962227006FA602 /* Base */ = {isa = PBXFileReference; lastKnownFileType = file.storyboard; name = Base; path = Base.lproj/Main.storyboard; sourceTree = "<group>"; };
		180B7B131E962227006FA602 /* Assets.xcassets */ = {isa = PBXFileReference; lastKnownFileType = folder.assetcatalog; path = Assets.xcassets; sourceTree = "<group>"; };
		180B7B161E962227006FA602 /* Base */ = {isa = PBXFileReference; lastKnownFileType = file.storyboard; name = Base; path = Base.lproj/LaunchScreen.storyboard; sourceTree = "<group>"; };
		180B7B181E962227006FA602 /* Info.plist */ = {isa = PBXFileReference; lastKnownFileType = text.plist.xml; path = Info.plist; sourceTree = "<group>"; };
		180B7B1D1E962227006FA602 /* QQ_ShareViewTests.xctest */ = {isa = PBXFileReference; explicitFileType = wrapper.cfbundle; includeInIndex = 0; path = QQ_ShareViewTests.xctest; sourceTree = BUILT_PRODUCTS_DIR; };
		180B7B211E962227006FA602 /* QQ_ShareViewTests.m */ = {isa = PBXFileReference; lastKnownFileType = sourcecode.c.objc; path = QQ_ShareViewTests.m; sourceTree = "<group>"; };
		180B7B231E962227006FA602 /* Info.plist */ = {isa = PBXFileReference; lastKnownFileType = text.plist.xml; path = Info.plist; sourceTree = "<group>"; };
		180B7B281E962227006FA602 /* QQ_ShareViewUITests.xctest */ = {isa = PBXFileReference; explicitFileType = wrapper.cfbundle; includeInIndex = 0; path = QQ_ShareViewUITests.xctest; sourceTree = BUILT_PRODUCTS_DIR; };
		180B7B2C1E962227006FA602 /* QQ_ShareViewUITests.m */ = {isa = PBXFileReference; lastKnownFileType = sourcecode.c.objc; path = QQ_ShareViewUITests.m; sourceTree = "<group>"; };
		180B7B2E1E962227006FA602 /* Info.plist */ = {isa = PBXFileReference; lastKnownFileType = text.plist.xml; path = Info.plist; sourceTree = "<group>"; };
		180B7B481E963E97006FA602 /* ic_fenxiang11@2x.png */ = {isa = PBXFileReference; lastKnownFileType = image.png; path = "ic_fenxiang11@2x.png"; sourceTree = "<group>"; };
		180B7B491E963E97006FA602 /* ic_fenxiang11@3x.png */ = {isa = PBXFileReference; lastKnownFileType = image.png; path = "ic_fenxiang11@3x.png"; sourceTree = "<group>"; };
		180B7B4A1E963E97006FA602 /* ic_kongjian@2x.png */ = {isa = PBXFileReference; lastKnownFileType = image.png; path = "ic_kongjian@2x.png"; sourceTree = "<group>"; };
		180B7B4B1E963E97006FA602 /* ic_kongjian@3x.png */ = {isa = PBXFileReference; lastKnownFileType = image.png; path = "ic_kongjian@3x.png"; sourceTree = "<group>"; };
		180B7B4C1E963E97006FA602 /* ic_pengyouquan@2x.png */ = {isa = PBXFileReference; lastKnownFileType = image.png; path = "ic_pengyouquan@2x.png"; sourceTree = "<group>"; };
		180B7B4D1E963E97006FA602 /* ic_pengyouquan@3x.png */ = {isa = PBXFileReference; lastKnownFileType = image.png; path = "ic_pengyouquan@3x.png"; sourceTree = "<group>"; };
		180B7B4E1E963E97006FA602 /* ic_pyq@2x.png */ = {isa = PBXFileReference; lastKnownFileType = image.png; path = "ic_pyq@2x.png"; sourceTree = "<group>"; };
		180B7B4F1E963E97006FA602 /* ic_pyq@3x.png */ = {isa = PBXFileReference; lastKnownFileType = image.png; path = "ic_pyq@3x.png"; sourceTree = "<group>"; };
		180B7B501E963E97006FA602 /* ic_qiuqiu@2x.png */ = {isa = PBXFileReference; lastKnownFileType = image.png; path = "ic_qiuqiu@2x.png"; sourceTree = "<group>"; };
		180B7B511E963E97006FA602 /* ic_qiuqiu@3x.png */ = {isa = PBXFileReference; lastKnownFileType = image.png; path = "ic_qiuqiu@3x.png"; sourceTree = "<group>"; };
		180B7B521E963E97006FA602 /* ic_qq11@2x.png */ = {isa = PBXFileReference; lastKnownFileType = image.png; path = "ic_qq11@2x.png"; sourceTree = "<group>"; };
		180B7B531E963E97006FA602 /* ic_qq11@3x.png */ = {isa = PBXFileReference; lastKnownFileType = image.png; path = "ic_qq11@3x.png"; sourceTree = "<group>"; };
		180B7B541E963E97006FA602 /* ic_qq22@2x.png */ = {isa = PBXFileReference; lastKnownFileType = image.png; path = "ic_qq22@2x.png"; sourceTree = "<group>"; };
		180B7B551E963E97006FA602 /* ic_qq22@3x.png */ = {isa = PBXFileReference; lastKnownFileType = image.png; path = "ic_qq22@3x.png"; sourceTree = "<group>"; };
		180B7B561E963E97006FA602 /* ic_weibo11@2x.png */ = {isa = PBXFileReference; lastKnownFileType = image.png; path = "ic_weibo11@2x.png"; sourceTree = "<group>"; };
		180B7B571E963E97006FA602 /* ic_weibo11@3x.png */ = {isa = PBXFileReference; lastKnownFileType = image.png; path = "ic_weibo11@3x.png"; sourceTree = "<group>"; };
		180B7B581E963E97006FA602 /* ic_weixin11@2x.png */ = {isa = PBXFileReference; lastKnownFileType = image.png; path = "ic_weixin11@2x.png"; sourceTree = "<group>"; };
		180B7B591E963E97006FA602 /* ic_weixin11@3x.png */ = {isa = PBXFileReference; lastKnownFileType = image.png; path = "ic_weixin11@3x.png"; sourceTree = "<group>"; };
		180B7B5A1E963E97006FA602 /* ic_weixin22@2x.png */ = {isa = PBXFileReference; lastKnownFileType = image.png; path = "ic_weixin22@2x.png"; sourceTree = "<group>"; };
		180B7B5B1E963E97006FA602 /* ic_weixin22@3x.png */ = {isa = PBXFileReference; lastKnownFileType = image.png; path = "ic_weixin22@3x.png"; sourceTree = "<group>"; };
		180B7B5C1E963E97006FA602 /* ic_wxchat@2x.png */ = {isa = PBXFileReference; lastKnownFileType = image.png; path = "ic_wxchat@2x.png"; sourceTree = "<group>"; };
		180B7B5D1E963E97006FA602 /* ic_wxchat@3x.png */ = {isa = PBXFileReference; lastKnownFileType = image.png; path = "ic_wxchat@3x.png"; sourceTree = "<group>"; };
		180B7B5E1E963E97006FA602 /* ic_zone@2x.png */ = {isa = PBXFileReference; lastKnownFileType = image.png; path = "ic_zone@2x.png"; sourceTree = "<group>"; };
		180B7B5F1E963E97006FA602 /* ic_zone@3x.png */ = {isa = PBXFileReference; lastKnownFileType = image.png; path = "ic_zone@3x.png"; sourceTree = "<group>"; };
		180B7B601E963E97006FA602 /* 图层-0qq@2x.png */ = {isa = PBXFileReference; lastKnownFileType = image.png; path = "图层-0qq@2x.png"; sourceTree = "<group>"; };
		180B7B611E963E97006FA602 /* 图层-0qq@3x.png */ = {isa = PBXFileReference; lastKnownFileType = image.png; path = "图层-0qq@3x.png"; sourceTree = "<group>"; };
		18BB8A1D1E9B6D92005CFAAA /* CGM_shareCell.h */ = {isa = PBXFileReference; fileEncoding = 4; lastKnownFileType = sourcecode.c.h; path = CGM_shareCell.h; sourceTree = "<group>"; };
		18BB8A1E1E9B6D92005CFAAA /* CGM_shareCell.m */ = {isa = PBXFileReference; fileEncoding = 4; lastKnownFileType = sourcecode.c.objc; path = CGM_shareCell.m; sourceTree = "<group>"; };
		18BB8A1F1E9B6D92005CFAAA /* CGM_shareCell.xib */ = {isa = PBXFileReference; fileEncoding = 4; lastKnownFileType = file.xib; path = CGM_shareCell.xib; sourceTree = "<group>"; };
		18BB8A201E9B6D92005CFAAA /* CGM_shareView.h */ = {isa = PBXFileReference; fileEncoding = 4; lastKnownFileType = sourcecode.c.h; path = CGM_shareView.h; sourceTree = "<group>"; };
		18BB8A211E9B6D92005CFAAA /* CGM_shareView.m */ = {isa = PBXFileReference; fileEncoding = 4; lastKnownFileType = sourcecode.c.objc; path = CGM_shareView.m; sourceTree = "<group>"; };
/* End PBXFileReference section */

/* Begin PBXFrameworksBuildPhase section */
		180B7B011E962227006FA602 /* Frameworks */ = {
			isa = PBXFrameworksBuildPhase;
			buildActionMask = 2147483647;
			files = (
			);
			runOnlyForDeploymentPostprocessing = 0;
		};
		180B7B1A1E962227006FA602 /* Frameworks */ = {
			isa = PBXFrameworksBuildPhase;
			buildActionMask = 2147483647;
			files = (
			);
			runOnlyForDeploymentPostprocessing = 0;
		};
		180B7B251E962227006FA602 /* Frameworks */ = {
			isa = PBXFrameworksBuildPhase;
			buildActionMask = 2147483647;
			files = (
			);
			runOnlyForDeploymentPostprocessing = 0;
		};
/* End PBXFrameworksBuildPhase section */

/* Begin PBXGroup section */
		180B7AFB1E962227006FA602 = {
			isa = PBXGroup;
			children = (
				180B7B471E963E97006FA602 /* shareImage */,
				180B7B061E962227006FA602 /* QQ_ShareView */,
				180B7B201E962227006FA602 /* QQ_ShareViewTests */,
				180B7B2B1E962227006FA602 /* QQ_ShareViewUITests */,
				180B7B051E962227006FA602 /* Products */,
			);
			sourceTree = "<group>";
		};
		180B7B051E962227006FA602 /* Products */ = {
			isa = PBXGroup;
			children = (
				180B7B041E962227006FA602 /* QQ_ShareView.app */,
				180B7B1D1E962227006FA602 /* QQ_ShareViewTests.xctest */,
				180B7B281E962227006FA602 /* QQ_ShareViewUITests.xctest */,
			);
			name = Products;
			sourceTree = "<group>";
		};
		180B7B061E962227006FA602 /* QQ_ShareView */ = {
			isa = PBXGroup;
			children = (
				180B7B0A1E962227006FA602 /* AppDelegate.h */,
				180B7B0B1E962227006FA602 /* AppDelegate.m */,
				180B7B0D1E962227006FA602 /* ViewController.h */,
				180B7B0E1E962227006FA602 /* ViewController.m */,
				180B7B101E962227006FA602 /* Main.storyboard */,
				180B7B131E962227006FA602 /* Assets.xcassets */,
				180B7B151E962227006FA602 /* LaunchScreen.storyboard */,
				180B7B181E962227006FA602 /* Info.plist */,
				180B7B071E962227006FA602 /* Supporting Files */,
			);
			path = QQ_ShareView;
			sourceTree = "<group>";
		};
		180B7B071E962227006FA602 /* Supporting Files */ = {
			isa = PBXGroup;
			children = (
				180B7B081E962227006FA602 /* main.m */,
			);
			name = "Supporting Files";
			sourceTree = "<group>";
		};
		180B7B201E962227006FA602 /* QQ_ShareViewTests */ = {
			isa = PBXGroup;
			children = (
				180B7B211E962227006FA602 /* QQ_ShareViewTests.m */,
				180B7B231E962227006FA602 /* Info.plist */,
			);
			path = QQ_ShareViewTests;
			sourceTree = "<group>";
		};
		180B7B2B1E962227006FA602 /* QQ_ShareViewUITests */ = {
			isa = PBXGroup;
			children = (
				180B7B2C1E962227006FA602 /* QQ_ShareViewUITests.m */,
				180B7B2E1E962227006FA602 /* Info.plist */,
			);
			path = QQ_ShareViewUITests;
			sourceTree = "<group>";
		};
		180B7B471E963E97006FA602 /* shareImage */ = {
			isa = PBXGroup;
			children = (
				18BB8A1C1E9B6D92005CFAAA /* share_view */,
				180B7B481E963E97006FA602 /* ic_fenxiang11@2x.png */,
				180B7B491E963E97006FA602 /* ic_fenxiang11@3x.png */,
				180B7B4A1E963E97006FA602 /* ic_kongjian@2x.png */,
				180B7B4B1E963E97006FA602 /* ic_kongjian@3x.png */,
				180B7B4C1E963E97006FA602 /* ic_pengyouquan@2x.png */,
				180B7B4D1E963E97006FA602 /* ic_pengyouquan@3x.png */,
				180B7B4E1E963E97006FA602 /* ic_pyq@2x.png */,
				180B7B4F1E963E97006FA602 /* ic_pyq@3x.png */,
				180B7B501E963E97006FA602 /* ic_qiuqiu@2x.png */,
				180B7B511E963E97006FA602 /* ic_qiuqiu@3x.png */,
				180B7B521E963E97006FA602 /* ic_qq11@2x.png */,
				180B7B531E963E97006FA602 /* ic_qq11@3x.png */,
				180B7B541E963E97006FA602 /* ic_qq22@2x.png */,
				180B7B551E963E97006FA602 /* ic_qq22@3x.png */,
				180B7B561E963E97006FA602 /* ic_weibo11@2x.png */,
				180B7B571E963E97006FA602 /* ic_weibo11@3x.png */,
				180B7B581E963E97006FA602 /* ic_weixin11@2x.png */,
				180B7B591E963E97006FA602 /* ic_weixin11@3x.png */,
				180B7B5A1E963E97006FA602 /* ic_weixin22@2x.png */,
				180B7B5B1E963E97006FA602 /* ic_weixin22@3x.png */,
				180B7B5C1E963E97006FA602 /* ic_wxchat@2x.png */,
				180B7B5D1E963E97006FA602 /* ic_wxchat@3x.png */,
				180B7B5E1E963E97006FA602 /* ic_zone@2x.png */,
				180B7B5F1E963E97006FA602 /* ic_zone@3x.png */,
				180B7B601E963E97006FA602 /* 图层-0qq@2x.png */,
				180B7B611E963E97006FA602 /* 图层-0qq@3x.png */,
			);
			path = shareImage;
			sourceTree = "<group>";
		};
		18BB8A1C1E9B6D92005CFAAA /* share_view */ = {
			isa = PBXGroup;
			children = (
				18BB8A1D1E9B6D92005CFAAA /* CGM_shareCell.h */,
				18BB8A1E1E9B6D92005CFAAA /* CGM_shareCell.m */,
				18BB8A1F1E9B6D92005CFAAA /* CGM_shareCell.xib */,
				18BB8A201E9B6D92005CFAAA /* CGM_shareView.h */,
				18BB8A211E9B6D92005CFAAA /* CGM_shareView.m */,
			);
			path = share_view;
			sourceTree = "<group>";
		};
/* End PBXGroup section */

/* Begin PBXNativeTarget section */
		180B7B031E962227006FA602 /* QQ_ShareView */ = {
			isa = PBXNativeTarget;
			buildConfigurationList = 180B7B311E962227006FA602 /* Build configuration list for PBXNativeTarget "QQ_ShareView" */;
			buildPhases = (
				180B7B001E962227006FA602 /* Sources */,
				180B7B011E962227006FA602 /* Frameworks */,
				180B7B021E962227006FA602 /* Resources */,
			);
			buildRules = (
			);
			dependencies = (
			);
			name = QQ_ShareView;
			productName = QQ_ShareView;
			productReference = 180B7B041E962227006FA602 /* QQ_ShareView.app */;
			productType = "com.apple.product-type.application";
		};
		180B7B1C1E962227006FA602 /* QQ_ShareViewTests */ = {
			isa = PBXNativeTarget;
			buildConfigurationList = 180B7B341E962227006FA602 /* Build configuration list for PBXNativeTarget "QQ_ShareViewTests" */;
			buildPhases = (
				180B7B191E962227006FA602 /* Sources */,
				180B7B1A1E962227006FA602 /* Frameworks */,
				180B7B1B1E962227006FA602 /* Resources */,
			);
			buildRules = (
			);
			dependencies = (
				180B7B1F1E962227006FA602 /* PBXTargetDependency */,
			);
			name = QQ_ShareViewTests;
			productName = QQ_ShareViewTests;
			productReference = 180B7B1D1E962227006FA602 /* QQ_ShareViewTests.xctest */;
			productType = "com.apple.product-type.bundle.unit-test";
		};
		180B7B271E962227006FA602 /* QQ_ShareViewUITests */ = {
			isa = PBXNativeTarget;
			buildConfigurationList = 180B7B371E962227006FA602 /* Build configuration list for PBXNativeTarget "QQ_ShareViewUITests" */;
			buildPhases = (
				180B7B241E962227006FA602 /* Sources */,
				180B7B251E962227006FA602 /* Frameworks */,
				180B7B261E962227006FA602 /* Resources */,
			);
			buildRules = (
			);
			dependencies = (
				180B7B2A1E962227006FA602 /* PBXTargetDependency */,
			);
			name = QQ_ShareViewUITests;
			productName = QQ_ShareViewUITests;
			productReference = 180B7B281E962227006FA602 /* QQ_ShareViewUITests.xctest */;
			productType = "com.apple.product-type.bundle.ui-testing";
		};
/* End PBXNativeTarget section */

/* Begin PBXProject section */
		180B7AFC1E962227006FA602 /* Project object */ = {
			isa = PBXProject;
			attributes = {
				LastUpgradeCheck = 0800;
				ORGANIZATIONNAME = apple;
				TargetAttributes = {
					180B7B031E962227006FA602 = {
						CreatedOnToolsVersion = 8.0;
						DevelopmentTeam = 85X7688G9T;
						ProvisioningStyle = Automatic;
					};
					180B7B1C1E962227006FA602 = {
						CreatedOnToolsVersion = 8.0;
						ProvisioningStyle = Automatic;
						TestTargetID = 180B7B031E962227006FA602;
					};
					180B7B271E962227006FA602 = {
						CreatedOnToolsVersion = 8.0;
						ProvisioningStyle = Automatic;
						TestTargetID = 180B7B031E962227006FA602;
					};
				};
			};
			buildConfigurationList = 180B7AFF1E962227006FA602 /* Build configuration list for PBXProject "QQ_ShareView" */;
			compatibilityVersion = "Xcode 3.2";
			developmentRegion = English;
			hasScannedForEncodings = 0;
			knownRegions = (
				en,
				Base,
			);
			mainGroup = 180B7AFB1E962227006FA602;
			productRefGroup = 180B7B051E962227006FA602 /* Products */;
			projectDirPath = "";
			projectRoot = "";
			targets = (
				180B7B031E962227006FA602 /* QQ_ShareView */,
				180B7B1C1E962227006FA602 /* QQ_ShareViewTests */,
				180B7B271E962227006FA602 /* QQ_ShareViewUITests */,
			);
		};
/* End PBXProject section */

/* Begin PBXResourcesBuildPhase section */
		180B7B021E962227006FA602 /* Resources */ = {
			isa = PBXResourcesBuildPhase;
			buildActionMask = 2147483647;
			files = (
				180B7B171E962227006FA602 /* LaunchScreen.storyboard in Resources */,
				180B7B6B1E963E97006FA602 /* ic_qiuqiu@3x.png in Resources */,
				180B7B711E963E97006FA602 /* ic_weibo11@3x.png in Resources */,
				180B7B751E963E97006FA602 /* ic_weixin22@3x.png in Resources */,
				180B7B141E962227006FA602 /* Assets.xcassets in Resources */,
				180B7B6F1E963E97006FA602 /* ic_qq22@3x.png in Resources */,
				180B7B6A1E963E97006FA602 /* ic_qiuqiu@2x.png in Resources */,
				18BB8A231E9B6D92005CFAAA /* CGM_shareCell.xib in Resources */,
				180B7B791E963E97006FA602 /* ic_zone@3x.png in Resources */,
				180B7B701E963E97006FA602 /* ic_weibo11@2x.png in Resources */,
				180B7B6C1E963E97006FA602 /* ic_qq11@2x.png in Resources */,
				180B7B121E962227006FA602 /* Main.storyboard in Resources */,
				180B7B7B1E963E97006FA602 /* 图层-0qq@3x.png in Resources */,
				180B7B761E963E97006FA602 /* ic_wxchat@2x.png in Resources */,
				180B7B661E963E97006FA602 /* ic_pengyouquan@2x.png in Resources */,
				180B7B731E963E97006FA602 /* ic_weixin11@3x.png in Resources */,
				180B7B781E963E97006FA602 /* ic_zone@2x.png in Resources */,
				180B7B681E963E97006FA602 /* ic_pyq@2x.png in Resources */,
				180B7B651E963E97006FA602 /* ic_kongjian@3x.png in Resources */,
				180B7B621E963E97006FA602 /* ic_fenxiang11@2x.png in Resources */,
				180B7B6E1E963E97006FA602 /* ic_qq22@2x.png in Resources */,
				180B7B6D1E963E97006FA602 /* ic_qq11@3x.png in Resources */,
				180B7B721E963E97006FA602 /* ic_weixin11@2x.png in Resources */,
				180B7B741E963E97006FA602 /* ic_weixin22@2x.png in Resources */,
				180B7B691E963E97006FA602 /* ic_pyq@3x.png in Resources */,
				180B7B641E963E97006FA602 /* ic_kongjian@2x.png in Resources */,
				180B7B7A1E963E97006FA602 /* 图层-0qq@2x.png in Resources */,
				180B7B671E963E97006FA602 /* ic_pengyouquan@3x.png in Resources */,
				180B7B771E963E97006FA602 /* ic_wxchat@3x.png in Resources */,
				180B7B631E963E97006FA602 /* ic_fenxiang11@3x.png in Resources */,
			);
			runOnlyForDeploymentPostprocessing = 0;
		};
		180B7B1B1E962227006FA602 /* Resources */ = {
			isa = PBXResourcesBuildPhase;
			buildActionMask = 2147483647;
			files = (
			);
			runOnlyForDeploymentPostprocessing = 0;
		};
		180B7B261E962227006FA602 /* Resources */ = {
			isa = PBXResourcesBuildPhase;
			buildActionMask = 2147483647;
			files = (
			);
			runOnlyForDeploymentPostprocessing = 0;
		};
/* End PBXResourcesBuildPhase section */

/* Begin PBXSourcesBuildPhase section */
		180B7B001E962227006FA602 /* Sources */ = {
			isa = PBXSourcesBuildPhase;
			buildActionMask = 2147483647;
			files = (
				180B7B0F1E962227006FA602 /* ViewController.m in Sources */,
				180B7B0C1E962227006FA602 /* AppDelegate.m in Sources */,
				180B7B091E962227006FA602 /* main.m in Sources */,
				18BB8A241E9B6D92005CFAAA /* CGM_shareView.m in Sources */,
				18BB8A221E9B6D92005CFAAA /* CGM_shareCell.m in Sources */,
			);
			runOnlyForDeploymentPostprocessing = 0;
		};
		180B7B191E962227006FA602 /* Sources */ = {
			isa = PBXSourcesBuildPhase;
			buildActionMask = 2147483647;
			files = (
				180B7B221E962227006FA602 /* QQ_ShareViewTests.m in Sources */,
			);
			runOnlyForDeploymentPostprocessing = 0;
		};
		180B7B241E962227006FA602 /* Sources */ = {
			isa = PBXSourcesBuildPhase;
			buildActionMask = 2147483647;
			files = (
				180B7B2D1E962227006FA602 /* QQ_ShareViewUITests.m in Sources */,
			);
			runOnlyForDeploymentPostprocessing = 0;
		};
/* End PBXSourcesBuildPhase section */

/* Begin PBXTargetDependency section */
		180B7B1F1E962227006FA602 /* PBXTargetDependency */ = {
			isa = PBXTargetDependency;
			target = 180B7B031E962227006FA602 /* QQ_ShareView */;
			targetProxy = 180B7B1E1E962227006FA602 /* PBXContainerItemProxy */;
		};
		180B7B2A1E962227006FA602 /* PBXTargetDependency */ = {
			isa = PBXTargetDependency;
			target = 180B7B031E962227006FA602 /* QQ_ShareView */;
			targetProxy = 180B7B291E962227006FA602 /* PBXContainerItemProxy */;
		};
/* End PBXTargetDependency section */

/* Begin PBXVariantGroup section */
		180B7B101E962227006FA602 /* Main.storyboard */ = {
			isa = PBXVariantGroup;
			children = (
				180B7B111E962227006FA602 /* Base */,
			);
			name = Main.storyboard;
			sourceTree = "<group>";
		};
		180B7B151E962227006FA602 /* LaunchScreen.storyboard */ = {
			isa = PBXVariantGroup;
			children = (
				180B7B161E962227006FA602 /* Base */,
			);
			name = LaunchScreen.storyboard;
			sourceTree = "<group>";
		};
/* End PBXVariantGroup section */

/* Begin XCBuildConfiguration section */
		180B7B2F1E962227006FA602 /* Debug */ = {
			isa = XCBuildConfiguration;
			buildSettings = {
				ALWAYS_SEARCH_USER_PATHS = NO;
				CLANG_ANALYZER_NONNULL = YES;
				CLANG_CXX_LANGUAGE_STANDARD = "gnu++0x";
				CLANG_CXX_LIBRARY = "libc++";
				CLANG_ENABLE_MODULES = YES;
				CLANG_ENABLE_OBJC_ARC = YES;
				CLANG_WARN_BOOL_CONVERSION = YES;
				CLANG_WARN_CONSTANT_CONVERSION = YES;
				CLANG_WARN_DIRECT_OBJC_ISA_USAGE = YES_ERROR;
				CLANG_WARN_DOCUMENTATION_COMMENTS = YES;
				CLANG_WARN_EMPTY_BODY = YES;
				CLANG_WARN_ENUM_CONVERSION = YES;
				CLANG_WARN_INFINITE_RECURSION = YES;
				CLANG_WARN_INT_CONVERSION = YES;
				CLANG_WARN_OBJC_ROOT_CLASS = YES_ERROR;
				CLANG_WARN_SUSPICIOUS_MOVES = YES;
				CLANG_WARN_UNREACHABLE_CODE = YES;
				CLANG_WARN__DUPLICATE_METHOD_MATCH = YES;
				"CODE_SIGN_IDENTITY[sdk=iphoneos*]" = "iPhone Developer";
				COPY_PHASE_STRIP = NO;
				DEBUG_INFORMATION_FORMAT = dwarf;
				ENABLE_STRICT_OBJC_MSGSEND = YES;
				ENABLE_TESTABILITY = YES;
				GCC_C_LANGUAGE_STANDARD = gnu99;
				GCC_DYNAMIC_NO_PIC = NO;
				GCC_NO_COMMON_BLOCKS = YES;
				GCC_OPTIMIZATION_LEVEL = 0;
				GCC_PREPROCESSOR_DEFINITIONS = (
					"DEBUG=1",
					"$(inherited)",
				);
				GCC_WARN_64_TO_32_BIT_CONVERSION = YES;
				GCC_WARN_ABOUT_RETURN_TYPE = YES_ERROR;
				GCC_WARN_UNDECLARED_SELECTOR = YES;
				GCC_WARN_UNINITIALIZED_AUTOS = YES_AGGRESSIVE;
				GCC_WARN_UNUSED_FUNCTION = YES;
				GCC_WARN_UNUSED_VARIABLE = YES;
				IPHONEOS_DEPLOYMENT_TARGET = 10.0;
				MTL_ENABLE_DEBUG_INFO = YES;
				ONLY_ACTIVE_ARCH = YES;
				SDKROOT = iphoneos;
			};
			name = Debug;
		};
		180B7B301E962227006FA602 /* Release */ = {
			isa = XCBuildConfiguration;
			buildSettings = {
				ALWAYS_SEARCH_USER_PATHS = NO;
				CLANG_ANALYZER_NONNULL = YES;
				CLANG_CXX_LANGUAGE_STANDARD = "gnu++0x";
				CLANG_CXX_LIBRARY = "libc++";
				CLANG_ENABLE_MODULES = YES;
				CLANG_ENABLE_OBJC_ARC = YES;
				CLANG_WARN_BOOL_CONVERSION = YES;
				CLANG_WARN_CONSTANT_CONVERSION = YES;
				CLANG_WARN_DIRECT_OBJC_ISA_USAGE = YES_ERROR;
				CLANG_WARN_DOCUMENTATION_COMMENTS = YES;
				CLANG_WARN_EMPTY_BODY = YES;
				CLANG_WARN_ENUM_CONVERSION = YES;
				CLANG_WARN_INFINITE_RECURSION = YES;
				CLANG_WARN_INT_CONVERSION = YES;
				CLANG_WARN_OBJC_ROOT_CLASS = YES_ERROR;
				CLANG_WARN_SUSPICIOUS_MOVES = YES;
				CLANG_WARN_UNREACHABLE_CODE = YES;
				CLANG_WARN__DUPLICATE_METHOD_MATCH = YES;
				"CODE_SIGN_IDENTITY[sdk=iphoneos*]" = "iPhone Developer";
				COPY_PHASE_STRIP = NO;
				DEBUG_INFORMATION_FORMAT = "dwarf-with-dsym";
				ENABLE_NS_ASSERTIONS = NO;
				ENABLE_STRICT_OBJC_MSGSEND = YES;
				GCC_C_LANGUAGE_STANDARD = gnu99;
				GCC_NO_COMMON_BLOCKS = YES;
				GCC_WARN_64_TO_32_BIT_CONVERSION = YES;
				GCC_WARN_ABOUT_RETURN_TYPE = YES_ERROR;
				GCC_WARN_UNDECLARED_SELECTOR = YES;
				GCC_WARN_UNINITIALIZED_AUTOS = YES_AGGRESSIVE;
				GCC_WARN_UNUSED_FUNCTION = YES;
				GCC_WARN_UNUSED_VARIABLE = YES;
				IPHONEOS_DEPLOYMENT_TARGET = 10.0;
				MTL_ENABLE_DEBUG_INFO = NO;
				SDKROOT = iphoneos;
				VALIDATE_PRODUCT = YES;
			};
			name = Release;
		};
		180B7B321E962227006FA602 /* Debug */ = {
			isa = XCBuildConfiguration;
			buildSettings = {
				ASSETCATALOG_COMPILER_APPICON_NAME = AppIcon;
				DEVELOPMENT_TEAM = 85X7688G9T;
				INFOPLIST_FILE = QQ_ShareView/Info.plist;
				IPHONEOS_DEPLOYMENT_TARGET = 8.0;
				LD_RUNPATH_SEARCH_PATHS = "$(inherited) @executable_path/Frameworks";
				PRODUCT_BUNDLE_IDENTIFIER = "cn.xc.QQ-ShareView";
				PRODUCT_NAME = "$(TARGET_NAME)";
			};
			name = Debug;
		};
		180B7B331E962227006FA602 /* Release */ = {
			isa = XCBuildConfiguration;
			buildSettings = {
				ASSETCATALOG_COMPILER_APPICON_NAME = AppIcon;
				DEVELOPMENT_TEAM = 85X7688G9T;
				INFOPLIST_FILE = QQ_ShareView/Info.plist;
				IPHONEOS_DEPLOYMENT_TARGET = 8.0;
				LD_RUNPATH_SEARCH_PATHS = "$(inherited) @executable_path/Frameworks";
				PRODUCT_BUNDLE_IDENTIFIER = "cn.xc.QQ-ShareView";
				PRODUCT_NAME = "$(TARGET_NAME)";
			};
			name = Release;
		};
		180B7B351E962227006FA602 /* Debug */ = {
			isa = XCBuildConfiguration;
			buildSettings = {
				BUNDLE_LOADER = "$(TEST_HOST)";
				INFOPLIST_FILE = QQ_ShareViewTests/Info.plist;
				LD_RUNPATH_SEARCH_PATHS = "$(inherited) @executable_path/Frameworks @loader_path/Frameworks";
				PRODUCT_BUNDLE_IDENTIFIER = "cn.xc.QQ-ShareViewTests";
				PRODUCT_NAME = "$(TARGET_NAME)";
				TEST_HOST = "$(BUILT_PRODUCTS_DIR)/QQ_ShareView.app/QQ_ShareView";
			};
			name = Debug;
		};
		180B7B361E962227006FA602 /* Release */ = {
			isa = XCBuildConfiguration;
			buildSettings = {
				BUNDLE_LOADER = "$(TEST_HOST)";
				INFOPLIST_FILE = QQ_ShareViewTests/Info.plist;
				LD_RUNPATH_SEARCH_PATHS = "$(inherited) @executable_path/Frameworks @loader_path/Frameworks";
				PRODUCT_BUNDLE_IDENTIFIER = "cn.xc.QQ-ShareViewTests";
				PRODUCT_NAME = "$(TARGET_NAME)";
				TEST_HOST = "$(BUILT_PRODUCTS_DIR)/QQ_ShareView.app/QQ_ShareView";
			};
			name = Release;
		};
		180B7B381E962227006FA602 /* Debug */ = {
			isa = XCBuildConfiguration;
			buildSettings = {
				INFOPLIST_FILE = QQ_ShareViewUITests/Info.plist;
				LD_RUNPATH_SEARCH_PATHS = "$(inherited) @executable_path/Frameworks @loader_path/Frameworks";
				PRODUCT_BUNDLE_IDENTIFIER = "cn.xc.QQ-ShareViewUITests";
				PRODUCT_NAME = "$(TARGET_NAME)";
				TEST_TARGET_NAME = QQ_ShareView;
			};
			name = Debug;
		};
		180B7B391E962227006FA602 /* Release */ = {
			isa = XCBuildConfiguration;
			buildSettings = {
				INFOPLIST_FILE = QQ_ShareViewUITests/Info.plist;
				LD_RUNPATH_SEARCH_PATHS = "$(inherited) @executable_path/Frameworks @loader_path/Frameworks";
				PRODUCT_BUNDLE_IDENTIFIER = "cn.xc.QQ-ShareViewUITests";
				PRODUCT_NAME = "$(TARGET_NAME)";
				TEST_TARGET_NAME = QQ_ShareView;
			};
			name = Release;
		};
/* End XCBuildConfiguration section */

/* Begin XCConfigurationList section */
		180B7AFF1E962227006FA602 /* Build configuration list for PBXProject "QQ_ShareView" */ = {
			isa = XCConfigurationList;
			buildConfigurations = (
				180B7B2F1E962227006FA602 /* Debug */,
				180B7B301E962227006FA602 /* Release */,
			);
			defaultConfigurationIsVisible = 0;
			defaultConfigurationName = Release;
		};
		180B7B311E962227006FA602 /* Build configuration list for PBXNativeTarget "QQ_ShareView" */ = {
			isa = XCConfigurationList;
			buildConfigurations = (
				180B7B321E962227006FA602 /* Debug */,
				180B7B331E962227006FA602 /* Release */,
			);
			defaultConfigurationIsVisible = 0;
			defaultConfigurationName = Release;
		};
		180B7B341E962227006FA602 /* Build configuration list for PBXNativeTarget "QQ_ShareViewTests" */ = {
			isa = XCConfigurationList;
			buildConfigurations = (
				180B7B351E962227006FA602 /* Debug */,
				180B7B361E962227006FA602 /* Release */,
			);
			defaultConfigurationIsVisible = 0;
			defaultConfigurationName = Release;
		};
		180B7B371E962227006FA602 /* Build configuration list for PBXNativeTarget "QQ_ShareViewUITests" */ = {
			isa = XCConfigurationList;
			buildConfigurations = (
				180B7B381E962227006FA602 /* Debug */,
				180B7B391E962227006FA602 /* Release */,
			);
			defaultConfigurationIsVisible = 0;
			defaultConfigurationName = Release;
		};
/* End XCConfigurationList section */
	};
	rootObject = 180B7AFC1E962227006FA602 /* Project object */;
}
