// !$*UTF8*$!
{
	archiveVersion = 1;
	classes = {
	};
	objectVersion = 46;
	objects = {

/* Begin PBXBuildFile section */
		18AF3E101E519E7D00F14658 /* main.m in Sources */ = {isa = PBXBuildFile; fileRef = 18AF3E0F1E519E7D00F14658 /* main.m */; };
		18AF3E131E519E7D00F14658 /* AppDelegate.m in Sources */ = {isa = PBXBuildFile; fileRef = 18AF3E121E519E7D00F14658 /* AppDelegate.m */; };
		18AF3E161E519E7D00F14658 /* ViewController.m in Sources */ = {isa = PBXBuildFile; fileRef = 18AF3E151E519E7D00F14658 /* ViewController.m */; };
		18AF3E191E519E7D00F14658 /* Main.storyboard in Resources */ = {isa = PBXBuildFile; fileRef = 18AF3E171E519E7D00F14658 /* Main.storyboard */; };
		18AF3E1B1E519E7D00F14658 /* Assets.xcassets in Resources */ = {isa = PBXBuildFile; fileRef = 18AF3E1A1E519E7D00F14658 /* Assets.xcassets */; };
		18AF3E1E1E519E7D00F14658 /* LaunchScreen.storyboard in Resources */ = {isa = PBXBuildFile; fileRef = 18AF3E1C1E519E7D00F14658 /* LaunchScreen.storyboard */; };
		18AF3E291E519E7D00F14658 /* CurrentLocationTests.m in Sources */ = {isa = PBXBuildFile; fileRef = 18AF3E281E519E7D00F14658 /* CurrentLocationTests.m */; };
		18AF3E341E519E7D00F14658 /* CurrentLocationUITests.m in Sources */ = {isa = PBXBuildFile; fileRef = 18AF3E331E519E7D00F14658 /* CurrentLocationUITests.m */; };
		18AF3E431E519F1100F14658 /* CoreLocation.framework in Frameworks */ = {isa = PBXBuildFile; fileRef = 18AF3E421E519F1100F14658 /* CoreLocation.framework */; };
		18AF3E461E51AEE200F14658 /* CurrentLoaction_location.m in Sources */ = {isa = PBXBuildFile; fileRef = 18AF3E451E51AEE200F14658 /* CurrentLoaction_location.m */; };
/* End PBXBuildFile section */

/* Begin PBXContainerItemProxy section */
		18AF3E251E519E7D00F14658 /* PBXContainerItemProxy */ = {
			isa = PBXContainerItemProxy;
			containerPortal = 18AF3E031E519E7C00F14658 /* Project object */;
			proxyType = 1;
			remoteGlobalIDString = 18AF3E0A1E519E7D00F14658;
			remoteInfo = CurrentLocation;
		};
		18AF3E301E519E7D00F14658 /* PBXContainerItemProxy */ = {
			isa = PBXContainerItemProxy;
			containerPortal = 18AF3E031E519E7C00F14658 /* Project object */;
			proxyType = 1;
			remoteGlobalIDString = 18AF3E0A1E519E7D00F14658;
			remoteInfo = CurrentLocation;
		};
/* End PBXContainerItemProxy section */

/* Begin PBXFileReference section */
		18AF3E0B1E519E7D00F14658 /* CurrentLocation.app */ = {isa = PBXFileReference; explicitFileType = wrapper.application; includeInIndex = 0; path = CurrentLocation.app; sourceTree = BUILT_PRODUCTS_DIR; };
		18AF3E0F1E519E7D00F14658 /* main.m */ = {isa = PBXFileReference; lastKnownFileType = sourcecode.c.objc; path = main.m; sourceTree = "<group>"; };
		18AF3E111E519E7D00F14658 /* AppDelegate.h */ = {isa = PBXFileReference; lastKnownFileType = sourcecode.c.h; path = AppDelegate.h; sourceTree = "<group>"; };
		18AF3E121E519E7D00F14658 /* AppDelegate.m */ = {isa = PBXFileReference; lastKnownFileType = sourcecode.c.objc; path = AppDelegate.m; sourceTree = "<group>"; };
		18AF3E141E519E7D00F14658 /* ViewController.h */ = {isa = PBXFileReference; lastKnownFileType = sourcecode.c.h; path = ViewController.h; sourceTree = "<group>"; };
		18AF3E151E519E7D00F14658 /* ViewController.m */ = {isa = PBXFileReference; lastKnownFileType = sourcecode.c.objc; path = ViewController.m; sourceTree = "<group>"; };
		18AF3E181E519E7D00F14658 /* Base */ = {isa = PBXFileReference; lastKnownFileType = file.storyboard; name = Base; path = Base.lproj/Main.storyboard; sourceTree = "<group>"; };
		18AF3E1A1E519E7D00F14658 /* Assets.xcassets */ = {isa = PBXFileReference; lastKnownFileType = folder.assetcatalog; path = Assets.xcassets; sourceTree = "<group>"; };
		18AF3E1D1E519E7D00F14658 /* Base */ = {isa = PBXFileReference; lastKnownFileType = file.storyboard; name = Base; path = Base.lproj/LaunchScreen.storyboard; sourceTree = "<group>"; };
		18AF3E1F1E519E7D00F14658 /* Info.plist */ = {isa = PBXFileReference; lastKnownFileType = text.plist.xml; path = Info.plist; sourceTree = "<group>"; };
		18AF3E241E519E7D00F14658 /* CurrentLocationTests.xctest */ = {isa = PBXFileReference; explicitFileType = wrapper.cfbundle; includeInIndex = 0; path = CurrentLocationTests.xctest; sourceTree = BUILT_PRODUCTS_DIR; };
		18AF3E281E519E7D00F14658 /* CurrentLocationTests.m */ = {isa = PBXFileReference; lastKnownFileType = sourcecode.c.objc; path = CurrentLocationTests.m; sourceTree = "<group>"; };
		18AF3E2A1E519E7D00F14658 /* Info.plist */ = {isa = PBXFileReference; lastKnownFileType = text.plist.xml; path = Info.plist; sourceTree = "<group>"; };
		18AF3E2F1E519E7D00F14658 /* CurrentLocationUITests.xctest */ = {isa = PBXFileReference; explicitFileType = wrapper.cfbundle; includeInIndex = 0; path = CurrentLocationUITests.xctest; sourceTree = BUILT_PRODUCTS_DIR; };
		18AF3E331E519E7D00F14658 /* CurrentLocationUITests.m */ = {isa = PBXFileReference; lastKnownFileType = sourcecode.c.objc; path = CurrentLocationUITests.m; sourceTree = "<group>"; };
		18AF3E351E519E7D00F14658 /* Info.plist */ = {isa = PBXFileReference; lastKnownFileType = text.plist.xml; path = Info.plist; sourceTree = "<group>"; };
		18AF3E421E519F1100F14658 /* CoreLocation.framework */ = {isa = PBXFileReference; lastKnownFileType = wrapper.framework; name = CoreLocation.framework; path = System/Library/Frameworks/CoreLocation.framework; sourceTree = SDKROOT; };
		18AF3E441E51AEE200F14658 /* CurrentLoaction_location.h */ = {isa = PBXFileReference; fileEncoding = 4; lastKnownFileType = sourcecode.c.h; path = CurrentLoaction_location.h; sourceTree = "<group>"; };
		18AF3E451E51AEE200F14658 /* CurrentLoaction_location.m */ = {isa = PBXFileReference; fileEncoding = 4; lastKnownFileType = sourcecode.c.objc; path = CurrentLoaction_location.m; sourceTree = "<group>"; };
/* End PBXFileReference section */

/* Begin PBXFrameworksBuildPhase section */
		18AF3E081E519E7D00F14658 /* Frameworks */ = {
			isa = PBXFrameworksBuildPhase;
			buildActionMask = 2147483647;
			files = (
				18AF3E431E519F1100F14658 /* CoreLocation.framework in Frameworks */,
			);
			runOnlyForDeploymentPostprocessing = 0;
		};
		18AF3E211E519E7D00F14658 /* Frameworks */ = {
			isa = PBXFrameworksBuildPhase;
			buildActionMask = 2147483647;
			files = (
			);
			runOnlyForDeploymentPostprocessing = 0;
		};
		18AF3E2C1E519E7D00F14658 /* Frameworks */ = {
			isa = PBXFrameworksBuildPhase;
			buildActionMask = 2147483647;
			files = (
			);
			runOnlyForDeploymentPostprocessing = 0;
		};
/* End PBXFrameworksBuildPhase section */

/* Begin PBXGroup section */
		18AF3E021E519E7C00F14658 = {
			isa = PBXGroup;
			children = (
				18AF3E441E51AEE200F14658 /* CurrentLoaction_location.h */,
				18AF3E451E51AEE200F14658 /* CurrentLoaction_location.m */,
				18AF3E0D1E519E7D00F14658 /* CurrentLocation */,
				18AF3E271E519E7D00F14658 /* CurrentLocationTests */,
				18AF3E321E519E7D00F14658 /* CurrentLocationUITests */,
				18AF3E0C1E519E7D00F14658 /* Products */,
				18AF3E411E519F1100F14658 /* Frameworks */,
			);
			sourceTree = "<group>";
		};
		18AF3E0C1E519E7D00F14658 /* Products */ = {
			isa = PBXGroup;
			children = (
				18AF3E0B1E519E7D00F14658 /* CurrentLocation.app */,
				18AF3E241E519E7D00F14658 /* CurrentLocationTests.xctest */,
				18AF3E2F1E519E7D00F14658 /* CurrentLocationUITests.xctest */,
			);
			name = Products;
			sourceTree = "<group>";
		};
		18AF3E0D1E519E7D00F14658 /* CurrentLocation */ = {
			isa = PBXGroup;
			children = (
				18AF3E111E519E7D00F14658 /* AppDelegate.h */,
				18AF3E121E519E7D00F14658 /* AppDelegate.m */,
				18AF3E141E519E7D00F14658 /* ViewController.h */,
				18AF3E151E519E7D00F14658 /* ViewController.m */,
				18AF3E171E519E7D00F14658 /* Main.storyboard */,
				18AF3E1A1E519E7D00F14658 /* Assets.xcassets */,
				18AF3E1C1E519E7D00F14658 /* LaunchScreen.storyboard */,
				18AF3E1F1E519E7D00F14658 /* Info.plist */,
				18AF3E0E1E519E7D00F14658 /* Supporting Files */,
			);
			path = CurrentLocation;
			sourceTree = "<group>";
		};
		18AF3E0E1E519E7D00F14658 /* Supporting Files */ = {
			isa = PBXGroup;
			children = (
				18AF3E0F1E519E7D00F14658 /* main.m */,
			);
			name = "Supporting Files";
			sourceTree = "<group>";
		};
		18AF3E271E519E7D00F14658 /* CurrentLocationTests */ = {
			isa = PBXGroup;
			children = (
				18AF3E281E519E7D00F14658 /* CurrentLocationTests.m */,
				18AF3E2A1E519E7D00F14658 /* Info.plist */,
			);
			path = CurrentLocationTests;
			sourceTree = "<group>";
		};
		18AF3E321E519E7D00F14658 /* CurrentLocationUITests */ = {
			isa = PBXGroup;
			children = (
				18AF3E331E519E7D00F14658 /* CurrentLocationUITests.m */,
				18AF3E351E519E7D00F14658 /* Info.plist */,
			);
			path = CurrentLocationUITests;
			sourceTree = "<group>";
		};
		18AF3E411E519F1100F14658 /* Frameworks */ = {
			isa = PBXGroup;
			children = (
				18AF3E421E519F1100F14658 /* CoreLocation.framework */,
			);
			name = Frameworks;
			sourceTree = "<group>";
		};
/* End PBXGroup section */

/* Begin PBXNativeTarget section */
		18AF3E0A1E519E7D00F14658 /* CurrentLocation */ = {
			isa = PBXNativeTarget;
			buildConfigurationList = 18AF3E381E519E7D00F14658 /* Build configuration list for PBXNativeTarget "CurrentLocation" */;
			buildPhases = (
				18AF3E071E519E7D00F14658 /* Sources */,
				18AF3E081E519E7D00F14658 /* Frameworks */,
				18AF3E091E519E7D00F14658 /* Resources */,
			);
			buildRules = (
			);
			dependencies = (
			);
			name = CurrentLocation;
			productName = CurrentLocation;
			productReference = 18AF3E0B1E519E7D00F14658 /* CurrentLocation.app */;
			productType = "com.apple.product-type.application";
		};
		18AF3E231E519E7D00F14658 /* CurrentLocationTests */ = {
			isa = PBXNativeTarget;
			buildConfigurationList = 18AF3E3B1E519E7D00F14658 /* Build configuration list for PBXNativeTarget "CurrentLocationTests" */;
			buildPhases = (
				18AF3E201E519E7D00F14658 /* Sources */,
				18AF3E211E519E7D00F14658 /* Frameworks */,
				18AF3E221E519E7D00F14658 /* Resources */,
			);
			buildRules = (
			);
			dependencies = (
				18AF3E261E519E7D00F14658 /* PBXTargetDependency */,
			);
			name = CurrentLocationTests;
			productName = CurrentLocationTests;
			productReference = 18AF3E241E519E7D00F14658 /* CurrentLocationTests.xctest */;
			productType = "com.apple.product-type.bundle.unit-test";
		};
		18AF3E2E1E519E7D00F14658 /* CurrentLocationUITests */ = {
			isa = PBXNativeTarget;
			buildConfigurationList = 18AF3E3E1E519E7D00F14658 /* Build configuration list for PBXNativeTarget "CurrentLocationUITests" */;
			buildPhases = (
				18AF3E2B1E519E7D00F14658 /* Sources */,
				18AF3E2C1E519E7D00F14658 /* Frameworks */,
				18AF3E2D1E519E7D00F14658 /* Resources */,
			);
			buildRules = (
			);
			dependencies = (
				18AF3E311E519E7D00F14658 /* PBXTargetDependency */,
			);
			name = CurrentLocationUITests;
			productName = CurrentLocationUITests;
			productReference = 18AF3E2F1E519E7D00F14658 /* CurrentLocationUITests.xctest */;
			productType = "com.apple.product-type.bundle.ui-testing";
		};
/* End PBXNativeTarget section */

/* Begin PBXProject section */
		18AF3E031E519E7C00F14658 /* Project object */ = {
			isa = PBXProject;
			attributes = {
				LastUpgradeCheck = 0800;
				ORGANIZATIONNAME = apple;
				TargetAttributes = {
					18AF3E0A1E519E7D00F14658 = {
						CreatedOnToolsVersion = 8.0;
						DevelopmentTeam = P368NDNYWG;
						ProvisioningStyle = Automatic;
					};
					18AF3E231E519E7D00F14658 = {
						CreatedOnToolsVersion = 8.0;
						ProvisioningStyle = Automatic;
						TestTargetID = 18AF3E0A1E519E7D00F14658;
					};
					18AF3E2E1E519E7D00F14658 = {
						CreatedOnToolsVersion = 8.0;
						ProvisioningStyle = Automatic;
						TestTargetID = 18AF3E0A1E519E7D00F14658;
					};
				};
			};
			buildConfigurationList = 18AF3E061E519E7C00F14658 /* Build configuration list for PBXProject "CurrentLocation" */;
			compatibilityVersion = "Xcode 3.2";
			developmentRegion = English;
			hasScannedForEncodings = 0;
			knownRegions = (
				en,
				Base,
			);
			mainGroup = 18AF3E021E519E7C00F14658;
			productRefGroup = 18AF3E0C1E519E7D00F14658 /* Products */;
			projectDirPath = "";
			projectRoot = "";
			targets = (
				18AF3E0A1E519E7D00F14658 /* CurrentLocation */,
				18AF3E231E519E7D00F14658 /* CurrentLocationTests */,
				18AF3E2E1E519E7D00F14658 /* CurrentLocationUITests */,
			);
		};
/* End PBXProject section */

/* Begin PBXResourcesBuildPhase section */
		18AF3E091E519E7D00F14658 /* Resources */ = {
			isa = PBXResourcesBuildPhase;
			buildActionMask = 2147483647;
			files = (
				18AF3E1E1E519E7D00F14658 /* LaunchScreen.storyboard in Resources */,
				18AF3E1B1E519E7D00F14658 /* Assets.xcassets in Resources */,
				18AF3E191E519E7D00F14658 /* Main.storyboard in Resources */,
			);
			runOnlyForDeploymentPostprocessing = 0;
		};
		18AF3E221E519E7D00F14658 /* Resources */ = {
			isa = PBXResourcesBuildPhase;
			buildActionMask = 2147483647;
			files = (
			);
			runOnlyForDeploymentPostprocessing = 0;
		};
		18AF3E2D1E519E7D00F14658 /* Resources */ = {
			isa = PBXResourcesBuildPhase;
			buildActionMask = 2147483647;
			files = (
			);
			runOnlyForDeploymentPostprocessing = 0;
		};
/* End PBXResourcesBuildPhase section */

/* Begin PBXSourcesBuildPhase section */
		18AF3E071E519E7D00F14658 /* Sources */ = {
			isa = PBXSourcesBuildPhase;
			buildActionMask = 2147483647;
			files = (
				18AF3E161E519E7D00F14658 /* ViewController.m in Sources */,
				18AF3E461E51AEE200F14658 /* CurrentLoaction_location.m in Sources */,
				18AF3E131E519E7D00F14658 /* AppDelegate.m in Sources */,
				18AF3E101E519E7D00F14658 /* main.m in Sources */,
			);
			runOnlyForDeploymentPostprocessing = 0;
		};
		18AF3E201E519E7D00F14658 /* Sources */ = {
			isa = PBXSourcesBuildPhase;
			buildActionMask = 2147483647;
			files = (
				18AF3E291E519E7D00F14658 /* CurrentLocationTests.m in Sources */,
			);
			runOnlyForDeploymentPostprocessing = 0;
		};
		18AF3E2B1E519E7D00F14658 /* Sources */ = {
			isa = PBXSourcesBuildPhase;
			buildActionMask = 2147483647;
			files = (
				18AF3E341E519E7D00F14658 /* CurrentLocationUITests.m in Sources */,
			);
			runOnlyForDeploymentPostprocessing = 0;
		};
/* End PBXSourcesBuildPhase section */

/* Begin PBXTargetDependency section */
		18AF3E261E519E7D00F14658 /* PBXTargetDependency */ = {
			isa = PBXTargetDependency;
			target = 18AF3E0A1E519E7D00F14658 /* CurrentLocation */;
			targetProxy = 18AF3E251E519E7D00F14658 /* PBXContainerItemProxy */;
		};
		18AF3E311E519E7D00F14658 /* PBXTargetDependency */ = {
			isa = PBXTargetDependency;
			target = 18AF3E0A1E519E7D00F14658 /* CurrentLocation */;
			targetProxy = 18AF3E301E519E7D00F14658 /* PBXContainerItemProxy */;
		};
/* End PBXTargetDependency section */

/* Begin PBXVariantGroup section */
		18AF3E171E519E7D00F14658 /* Main.storyboard */ = {
			isa = PBXVariantGroup;
			children = (
				18AF3E181E519E7D00F14658 /* Base */,
			);
			name = Main.storyboard;
			sourceTree = "<group>";
		};
		18AF3E1C1E519E7D00F14658 /* LaunchScreen.storyboard */ = {
			isa = PBXVariantGroup;
			children = (
				18AF3E1D1E519E7D00F14658 /* Base */,
			);
			name = LaunchScreen.storyboard;
			sourceTree = "<group>";
		};
/* End PBXVariantGroup section */

/* Begin XCBuildConfiguration section */
		18AF3E361E519E7D00F14658 /* Debug */ = {
			isa = XCBuildConfiguration;
			buildSettings = {
				ALWAYS_SEARCH_USER_PATHS = NO;
				CLANG_ANALYZER_NONNULL = YES;
				CLANG_CXX_LANGUAGE_STANDARD = "gnu++0x";
				CLANG_CXX_LIBRARY = "libc++";
				CLANG_ENABLE_MODULES = YES;
				CLANG_ENABLE_OBJC_ARC = YES;
				CLANG_WARN_BOOL_CONVERSION = YES;
				CLANG_WARN_CONSTANT_CONVERSION = YES;
				CLANG_WARN_DIRECT_OBJC_ISA_USAGE = YES_ERROR;
				CLANG_WARN_DOCUMENTATION_COMMENTS = YES;
				CLANG_WARN_EMPTY_BODY = YES;
				CLANG_WARN_ENUM_CONVERSION = YES;
				CLANG_WARN_INFINITE_RECURSION = YES;
				CLANG_WARN_INT_CONVERSION = YES;
				CLANG_WARN_OBJC_ROOT_CLASS = YES_ERROR;
				CLANG_WARN_SUSPICIOUS_MOVES = YES;
				CLANG_WARN_UNREACHABLE_CODE = YES;
				CLANG_WARN__DUPLICATE_METHOD_MATCH = YES;
				"CODE_SIGN_IDENTITY[sdk=iphoneos*]" = "iPhone Developer";
				COPY_PHASE_STRIP = NO;
				DEBUG_INFORMATION_FORMAT = dwarf;
				ENABLE_STRICT_OBJC_MSGSEND = YES;
				ENABLE_TESTABILITY = YES;
				GCC_C_LANGUAGE_STANDARD = gnu99;
				GCC_DYNAMIC_NO_PIC = NO;
				GCC_NO_COMMON_BLOCKS = YES;
				GCC_OPTIMIZATION_LEVEL = 0;
				GCC_PREPROCESSOR_DEFINITIONS = (
					"DEBUG=1",
					"$(inherited)",
				);
				GCC_WARN_64_TO_32_BIT_CONVERSION = YES;
				GCC_WARN_ABOUT_RETURN_TYPE = YES_ERROR;
				GCC_WARN_UNDECLARED_SELECTOR = YES;
				GCC_WARN_UNINITIALIZED_AUTOS = YES_AGGRESSIVE;
				GCC_WARN_UNUSED_FUNCTION = YES;
				GCC_WARN_UNUSED_VARIABLE = YES;
				IPHONEOS_DEPLOYMENT_TARGET = 10.0;
				MTL_ENABLE_DEBUG_INFO = YES;
				ONLY_ACTIVE_ARCH = YES;
				SDKROOT = iphoneos;
			};
			name = Debug;
		};
		18AF3E371E519E7D00F14658 /* Release */ = {
			isa = XCBuildConfiguration;
			buildSettings = {
				ALWAYS_SEARCH_USER_PATHS = NO;
				CLANG_ANALYZER_NONNULL = YES;
				CLANG_CXX_LANGUAGE_STANDARD = "gnu++0x";
				CLANG_CXX_LIBRARY = "libc++";
				CLANG_ENABLE_MODULES = YES;
				CLANG_ENABLE_OBJC_ARC = YES;
				CLANG_WARN_BOOL_CONVERSION = YES;
				CLANG_WARN_CONSTANT_CONVERSION = YES;
				CLANG_WARN_DIRECT_OBJC_ISA_USAGE = YES_ERROR;
				CLANG_WARN_DOCUMENTATION_COMMENTS = YES;
				CLANG_WARN_EMPTY_BODY = YES;
				CLANG_WARN_ENUM_CONVERSION = YES;
				CLANG_WARN_INFINITE_RECURSION = YES;
				CLANG_WARN_INT_CONVERSION = YES;
				CLANG_WARN_OBJC_ROOT_CLASS = YES_ERROR;
				CLANG_WARN_SUSPICIOUS_MOVES = YES;
				CLANG_WARN_UNREACHABLE_CODE = YES;
				CLANG_WARN__DUPLICATE_METHOD_MATCH = YES;
				"CODE_SIGN_IDENTITY[sdk=iphoneos*]" = "iPhone Developer";
				COPY_PHASE_STRIP = NO;
				DEBUG_INFORMATION_FORMAT = "dwarf-with-dsym";
				ENABLE_NS_ASSERTIONS = NO;
				ENABLE_STRICT_OBJC_MSGSEND = YES;
				GCC_C_LANGUAGE_STANDARD = gnu99;
				GCC_NO_COMMON_BLOCKS = YES;
				GCC_WARN_64_TO_32_BIT_CONVERSION = YES;
				GCC_WARN_ABOUT_RETURN_TYPE = YES_ERROR;
				GCC_WARN_UNDECLARED_SELECTOR = YES;
				GCC_WARN_UNINITIALIZED_AUTOS = YES_AGGRESSIVE;
				GCC_WARN_UNUSED_FUNCTION = YES;
				GCC_WARN_UNUSED_VARIABLE = YES;
				IPHONEOS_DEPLOYMENT_TARGET = 10.0;
				MTL_ENABLE_DEBUG_INFO = NO;
				SDKROOT = iphoneos;
				VALIDATE_PRODUCT = YES;
			};
			name = Release;
		};
		18AF3E391E519E7D00F14658 /* Debug */ = {
			isa = XCBuildConfiguration;
			buildSettings = {
				ASSETCATALOG_COMPILER_APPICON_NAME = AppIcon;
				DEVELOPMENT_TEAM = P368NDNYWG;
				INFOPLIST_FILE = CurrentLocation/Info.plist;
				IPHONEOS_DEPLOYMENT_TARGET = 8.0;
				LD_RUNPATH_SEARCH_PATHS = "$(inherited) @executable_path/Frameworks";
				PRODUCT_BUNDLE_IDENTIFIER = gs.demo;
				PRODUCT_NAME = "$(TARGET_NAME)";
			};
			name = Debug;
		};
		18AF3E3A1E519E7D00F14658 /* Release */ = {
			isa = XCBuildConfiguration;
			buildSettings = {
				ASSETCATALOG_COMPILER_APPICON_NAME = AppIcon;
				DEVELOPMENT_TEAM = P368NDNYWG;
				INFOPLIST_FILE = CurrentLocation/Info.plist;
				IPHONEOS_DEPLOYMENT_TARGET = 8.0;
				LD_RUNPATH_SEARCH_PATHS = "$(inherited) @executable_path/Frameworks";
				PRODUCT_BUNDLE_IDENTIFIER = gs.demo;
				PRODUCT_NAME = "$(TARGET_NAME)";
			};
			name = Release;
		};
		18AF3E3C1E519E7D00F14658 /* Debug */ = {
			isa = XCBuildConfiguration;
			buildSettings = {
				BUNDLE_LOADER = "$(TEST_HOST)";
				INFOPLIST_FILE = CurrentLocationTests/Info.plist;
				LD_RUNPATH_SEARCH_PATHS = "$(inherited) @executable_path/Frameworks @loader_path/Frameworks";
				PRODUCT_BUNDLE_IDENTIFIER = cn.xc.CurrentLocationTests;
				PRODUCT_NAME = "$(TARGET_NAME)";
				TEST_HOST = "$(BUILT_PRODUCTS_DIR)/CurrentLocation.app/CurrentLocation";
			};
			name = Debug;
		};
		18AF3E3D1E519E7D00F14658 /* Release */ = {
			isa = XCBuildConfiguration;
			buildSettings = {
				BUNDLE_LOADER = "$(TEST_HOST)";
				INFOPLIST_FILE = CurrentLocationTests/Info.plist;
				LD_RUNPATH_SEARCH_PATHS = "$(inherited) @executable_path/Frameworks @loader_path/Frameworks";
				PRODUCT_BUNDLE_IDENTIFIER = cn.xc.CurrentLocationTests;
				PRODUCT_NAME = "$(TARGET_NAME)";
				TEST_HOST = "$(BUILT_PRODUCTS_DIR)/CurrentLocation.app/CurrentLocation";
			};
			name = Release;
		};
		18AF3E3F1E519E7D00F14658 /* Debug */ = {
			isa = XCBuildConfiguration;
			buildSettings = {
				INFOPLIST_FILE = CurrentLocationUITests/Info.plist;
				LD_RUNPATH_SEARCH_PATHS = "$(inherited) @executable_path/Frameworks @loader_path/Frameworks";
				PRODUCT_BUNDLE_IDENTIFIER = cn.xc.CurrentLocationUITests;
				PRODUCT_NAME = "$(TARGET_NAME)";
				TEST_TARGET_NAME = CurrentLocation;
			};
			name = Debug;
		};
		18AF3E401E519E7D00F14658 /* Release */ = {
			isa = XCBuildConfiguration;
			buildSettings = {
				INFOPLIST_FILE = CurrentLocationUITests/Info.plist;
				LD_RUNPATH_SEARCH_PATHS = "$(inherited) @executable_path/Frameworks @loader_path/Frameworks";
				PRODUCT_BUNDLE_IDENTIFIER = cn.xc.CurrentLocationUITests;
				PRODUCT_NAME = "$(TARGET_NAME)";
				TEST_TARGET_NAME = CurrentLocation;
			};
			name = Release;
		};
/* End XCBuildConfiguration section */

/* Begin XCConfigurationList section */
		18AF3E061E519E7C00F14658 /* Build configuration list for PBXProject "CurrentLocation" */ = {
			isa = XCConfigurationList;
			buildConfigurations = (
				18AF3E361E519E7D00F14658 /* Debug */,
				18AF3E371E519E7D00F14658 /* Release */,
			);
			defaultConfigurationIsVisible = 0;
			defaultConfigurationName = Release;
		};
		18AF3E381E519E7D00F14658 /* Build configuration list for PBXNativeTarget "CurrentLocation" */ = {
			isa = XCConfigurationList;
			buildConfigurations = (
				18AF3E391E519E7D00F14658 /* Debug */,
				18AF3E3A1E519E7D00F14658 /* Release */,
			);
			defaultConfigurationIsVisible = 0;
		};
		18AF3E3B1E519E7D00F14658 /* Build configuration list for PBXNativeTarget "CurrentLocationTests" */ = {
			isa = XCConfigurationList;
			buildConfigurations = (
				18AF3E3C1E519E7D00F14658 /* Debug */,
				18AF3E3D1E519E7D00F14658 /* Release */,
			);
			defaultConfigurationIsVisible = 0;
		};
		18AF3E3E1E519E7D00F14658 /* Build configuration list for PBXNativeTarget "CurrentLocationUITests" */ = {
			isa = XCConfigurationList;
			buildConfigurations = (
				18AF3E3F1E519E7D00F14658 /* Debug */,
				18AF3E401E519E7D00F14658 /* Release */,
			);
			defaultConfigurationIsVisible = 0;
		};
/* End XCConfigurationList section */
	};
	rootObject = 18AF3E031E519E7C00F14658 /* Project object */;
}
