// !$*UTF8*$!
{
	archiveVersion = 1;
	classes = {
	};
	objectVersion = 46;
	objects = {

/* Begin PBXBuildFile section */
		846D2A391D4DEDFE009DAE66 /* qiViewController.m in Sources */ = {isa = PBXBuildFile; fileRef = 846D2A381D4DEDFE009DAE66 /* qiViewController.m */; };
		846D2A3C1D4DFA77009DAE66 /* baViewController.m in Sources */ = {isa = PBXBuildFile; fileRef = 846D2A3B1D4DFA77009DAE66 /* baViewController.m */; };
		847F25391D4CED3700430ACA /* main.m in Sources */ = {isa = PBXBuildFile; fileRef = 847F25381D4CED3700430ACA /* main.m */; };
		847F253C1D4CED3700430ACA /* AppDelegate.m in Sources */ = {isa = PBXBuildFile; fileRef = 847F253B1D4CED3700430ACA /* AppDelegate.m */; };
		847F253F1D4CED3700430ACA /* ViewController.m in Sources */ = {isa = PBXBuildFile; fileRef = 847F253E1D4CED3700430ACA /* ViewController.m */; };
		847F25421D4CED3700430ACA /* Main.storyboard in Resources */ = {isa = PBXBuildFile; fileRef = 847F25401D4CED3700430ACA /* Main.storyboard */; };
		847F25441D4CED3700430ACA /* Assets.xcassets in Resources */ = {isa = PBXBuildFile; fileRef = 847F25431D4CED3700430ACA /* Assets.xcassets */; };
		847F25471D4CED3700430ACA /* LaunchScreen.storyboard in Resources */ = {isa = PBXBuildFile; fileRef = 847F25451D4CED3700430ACA /* LaunchScreen.storyboard */; };
		847F25521D4CED3700430ACA /* Cgm_ScorllViewSegmentTests.m in Sources */ = {isa = PBXBuildFile; fileRef = 847F25511D4CED3700430ACA /* Cgm_ScorllViewSegmentTests.m */; };
		847F255D1D4CED3700430ACA /* Cgm_ScorllViewSegmentUITests.m in Sources */ = {isa = PBXBuildFile; fileRef = 847F255C1D4CED3700430ACA /* Cgm_ScorllViewSegmentUITests.m */; };
		847F256C1D4CEDCB00430ACA /* CGM_ViewControllerSegment.m in Sources */ = {isa = PBXBuildFile; fileRef = 847F256B1D4CEDCB00430ACA /* CGM_ViewControllerSegment.m */; };
		847F256F1D4CEF6300430ACA /* NSString+Helper.m in Sources */ = {isa = PBXBuildFile; fileRef = 847F256E1D4CEF6300430ACA /* NSString+Helper.m */; };
		847F25721D4CF26300430ACA /* CGM_label.m in Sources */ = {isa = PBXBuildFile; fileRef = 847F25711D4CF26300430ACA /* CGM_label.m */; };
		847F25861D4CFF7300430ACA /* FiveViewController.m in Sources */ = {isa = PBXBuildFile; fileRef = 847F257B1D4CFF7300430ACA /* FiveViewController.m */; };
		847F25871D4CFF7300430ACA /* FourViewController.m in Sources */ = {isa = PBXBuildFile; fileRef = 847F257D1D4CFF7300430ACA /* FourViewController.m */; };
		847F25881D4CFF7300430ACA /* OneViewController.m in Sources */ = {isa = PBXBuildFile; fileRef = 847F257F1D4CFF7300430ACA /* OneViewController.m */; };
		847F25891D4CFF7300430ACA /* SixViewController.m in Sources */ = {isa = PBXBuildFile; fileRef = 847F25811D4CFF7300430ACA /* SixViewController.m */; };
		847F258A1D4CFF7300430ACA /* ThreeViewController.m in Sources */ = {isa = PBXBuildFile; fileRef = 847F25831D4CFF7300430ACA /* ThreeViewController.m */; };
		847F258B1D4CFF7300430ACA /* TwoViewController.m in Sources */ = {isa = PBXBuildFile; fileRef = 847F25851D4CFF7300430ACA /* TwoViewController.m */; };
/* End PBXBuildFile section */

/* Begin PBXContainerItemProxy section */
		847F254E1D4CED3700430ACA /* PBXContainerItemProxy */ = {
			isa = PBXContainerItemProxy;
			containerPortal = 847F252C1D4CED3700430ACA /* Project object */;
			proxyType = 1;
			remoteGlobalIDString = 847F25331D4CED3700430ACA;
			remoteInfo = Cgm_ScorllViewSegment;
		};
		847F25591D4CED3700430ACA /* PBXContainerItemProxy */ = {
			isa = PBXContainerItemProxy;
			containerPortal = 847F252C1D4CED3700430ACA /* Project object */;
			proxyType = 1;
			remoteGlobalIDString = 847F25331D4CED3700430ACA;
			remoteInfo = Cgm_ScorllViewSegment;
		};
/* End PBXContainerItemProxy section */

/* Begin PBXFileReference section */
		846D2A371D4DEDFE009DAE66 /* qiViewController.h */ = {isa = PBXFileReference; fileEncoding = 4; lastKnownFileType = sourcecode.c.h; path = qiViewController.h; sourceTree = "<group>"; };
		846D2A381D4DEDFE009DAE66 /* qiViewController.m */ = {isa = PBXFileReference; fileEncoding = 4; lastKnownFileType = sourcecode.c.objc; path = qiViewController.m; sourceTree = "<group>"; };
		846D2A3A1D4DFA77009DAE66 /* baViewController.h */ = {isa = PBXFileReference; fileEncoding = 4; lastKnownFileType = sourcecode.c.h; path = baViewController.h; sourceTree = "<group>"; };
		846D2A3B1D4DFA77009DAE66 /* baViewController.m */ = {isa = PBXFileReference; fileEncoding = 4; lastKnownFileType = sourcecode.c.objc; path = baViewController.m; sourceTree = "<group>"; };
		847F25341D4CED3700430ACA /* Cgm_ScorllViewSegment.app */ = {isa = PBXFileReference; explicitFileType = wrapper.application; includeInIndex = 0; path = Cgm_ScorllViewSegment.app; sourceTree = BUILT_PRODUCTS_DIR; };
		847F25381D4CED3700430ACA /* main.m */ = {isa = PBXFileReference; lastKnownFileType = sourcecode.c.objc; path = main.m; sourceTree = "<group>"; };
		847F253A1D4CED3700430ACA /* AppDelegate.h */ = {isa = PBXFileReference; lastKnownFileType = sourcecode.c.h; path = AppDelegate.h; sourceTree = "<group>"; };
		847F253B1D4CED3700430ACA /* AppDelegate.m */ = {isa = PBXFileReference; lastKnownFileType = sourcecode.c.objc; path = AppDelegate.m; sourceTree = "<group>"; };
		847F253D1D4CED3700430ACA /* ViewController.h */ = {isa = PBXFileReference; lastKnownFileType = sourcecode.c.h; path = ViewController.h; sourceTree = "<group>"; };
		847F253E1D4CED3700430ACA /* ViewController.m */ = {isa = PBXFileReference; lastKnownFileType = sourcecode.c.objc; path = ViewController.m; sourceTree = "<group>"; };
		847F25411D4CED3700430ACA /* Base */ = {isa = PBXFileReference; lastKnownFileType = file.storyboard; name = Base; path = Base.lproj/Main.storyboard; sourceTree = "<group>"; };
		847F25431D4CED3700430ACA /* Assets.xcassets */ = {isa = PBXFileReference; lastKnownFileType = folder.assetcatalog; path = Assets.xcassets; sourceTree = "<group>"; };
		847F25461D4CED3700430ACA /* Base */ = {isa = PBXFileReference; lastKnownFileType = file.storyboard; name = Base; path = Base.lproj/LaunchScreen.storyboard; sourceTree = "<group>"; };
		847F25481D4CED3700430ACA /* Info.plist */ = {isa = PBXFileReference; lastKnownFileType = text.plist.xml; path = Info.plist; sourceTree = "<group>"; };
		847F254D1D4CED3700430ACA /* Cgm_ScorllViewSegmentTests.xctest */ = {isa = PBXFileReference; explicitFileType = wrapper.cfbundle; includeInIndex = 0; path = Cgm_ScorllViewSegmentTests.xctest; sourceTree = BUILT_PRODUCTS_DIR; };
		847F25511D4CED3700430ACA /* Cgm_ScorllViewSegmentTests.m */ = {isa = PBXFileReference; lastKnownFileType = sourcecode.c.objc; path = Cgm_ScorllViewSegmentTests.m; sourceTree = "<group>"; };
		847F25531D4CED3700430ACA /* Info.plist */ = {isa = PBXFileReference; lastKnownFileType = text.plist.xml; path = Info.plist; sourceTree = "<group>"; };
		847F25581D4CED3700430ACA /* Cgm_ScorllViewSegmentUITests.xctest */ = {isa = PBXFileReference; explicitFileType = wrapper.cfbundle; includeInIndex = 0; path = Cgm_ScorllViewSegmentUITests.xctest; sourceTree = BUILT_PRODUCTS_DIR; };
		847F255C1D4CED3700430ACA /* Cgm_ScorllViewSegmentUITests.m */ = {isa = PBXFileReference; lastKnownFileType = sourcecode.c.objc; path = Cgm_ScorllViewSegmentUITests.m; sourceTree = "<group>"; };
		847F255E1D4CED3700430ACA /* Info.plist */ = {isa = PBXFileReference; lastKnownFileType = text.plist.xml; path = Info.plist; sourceTree = "<group>"; };
		847F256A1D4CEDCB00430ACA /* CGM_ViewControllerSegment.h */ = {isa = PBXFileReference; fileEncoding = 4; lastKnownFileType = sourcecode.c.h; path = CGM_ViewControllerSegment.h; sourceTree = "<group>"; };
		847F256B1D4CEDCB00430ACA /* CGM_ViewControllerSegment.m */ = {isa = PBXFileReference; fileEncoding = 4; lastKnownFileType = sourcecode.c.objc; path = CGM_ViewControllerSegment.m; sourceTree = "<group>"; };
		847F256D1D4CEF6300430ACA /* NSString+Helper.h */ = {isa = PBXFileReference; fileEncoding = 4; lastKnownFileType = sourcecode.c.h; path = "NSString+Helper.h"; sourceTree = "<group>"; };
		847F256E1D4CEF6300430ACA /* NSString+Helper.m */ = {isa = PBXFileReference; fileEncoding = 4; lastKnownFileType = sourcecode.c.objc; path = "NSString+Helper.m"; sourceTree = "<group>"; };
		847F25701D4CF26200430ACA /* CGM_label.h */ = {isa = PBXFileReference; fileEncoding = 4; lastKnownFileType = sourcecode.c.h; path = CGM_label.h; sourceTree = "<group>"; };
		847F25711D4CF26300430ACA /* CGM_label.m */ = {isa = PBXFileReference; fileEncoding = 4; lastKnownFileType = sourcecode.c.objc; path = CGM_label.m; sourceTree = "<group>"; };
		847F257A1D4CFF7300430ACA /* FiveViewController.h */ = {isa = PBXFileReference; fileEncoding = 4; lastKnownFileType = sourcecode.c.h; path = FiveViewController.h; sourceTree = "<group>"; };
		847F257B1D4CFF7300430ACA /* FiveViewController.m */ = {isa = PBXFileReference; fileEncoding = 4; lastKnownFileType = sourcecode.c.objc; path = FiveViewController.m; sourceTree = "<group>"; };
		847F257C1D4CFF7300430ACA /* FourViewController.h */ = {isa = PBXFileReference; fileEncoding = 4; lastKnownFileType = sourcecode.c.h; path = FourViewController.h; sourceTree = "<group>"; };
		847F257D1D4CFF7300430ACA /* FourViewController.m */ = {isa = PBXFileReference; fileEncoding = 4; lastKnownFileType = sourcecode.c.objc; path = FourViewController.m; sourceTree = "<group>"; };
		847F257E1D4CFF7300430ACA /* OneViewController.h */ = {isa = PBXFileReference; fileEncoding = 4; lastKnownFileType = sourcecode.c.h; path = OneViewController.h; sourceTree = "<group>"; };
		847F257F1D4CFF7300430ACA /* OneViewController.m */ = {isa = PBXFileReference; fileEncoding = 4; lastKnownFileType = sourcecode.c.objc; path = OneViewController.m; sourceTree = "<group>"; };
		847F25801D4CFF7300430ACA /* SixViewController.h */ = {isa = PBXFileReference; fileEncoding = 4; lastKnownFileType = sourcecode.c.h; path = SixViewController.h; sourceTree = "<group>"; };
		847F25811D4CFF7300430ACA /* SixViewController.m */ = {isa = PBXFileReference; fileEncoding = 4; lastKnownFileType = sourcecode.c.objc; path = SixViewController.m; sourceTree = "<group>"; };
		847F25821D4CFF7300430ACA /* ThreeViewController.h */ = {isa = PBXFileReference; fileEncoding = 4; lastKnownFileType = sourcecode.c.h; path = ThreeViewController.h; sourceTree = "<group>"; };
		847F25831D4CFF7300430ACA /* ThreeViewController.m */ = {isa = PBXFileReference; fileEncoding = 4; lastKnownFileType = sourcecode.c.objc; path = ThreeViewController.m; sourceTree = "<group>"; };
		847F25841D4CFF7300430ACA /* TwoViewController.h */ = {isa = PBXFileReference; fileEncoding = 4; lastKnownFileType = sourcecode.c.h; path = TwoViewController.h; sourceTree = "<group>"; };
		847F25851D4CFF7300430ACA /* TwoViewController.m */ = {isa = PBXFileReference; fileEncoding = 4; lastKnownFileType = sourcecode.c.objc; path = TwoViewController.m; sourceTree = "<group>"; };
/* End PBXFileReference section */

/* Begin PBXFrameworksBuildPhase section */
		847F25311D4CED3700430ACA /* Frameworks */ = {
			isa = PBXFrameworksBuildPhase;
			buildActionMask = 2147483647;
			files = (
			);
			runOnlyForDeploymentPostprocessing = 0;
		};
		847F254A1D4CED3700430ACA /* Frameworks */ = {
			isa = PBXFrameworksBuildPhase;
			buildActionMask = 2147483647;
			files = (
			);
			runOnlyForDeploymentPostprocessing = 0;
		};
		847F25551D4CED3700430ACA /* Frameworks */ = {
			isa = PBXFrameworksBuildPhase;
			buildActionMask = 2147483647;
			files = (
			);
			runOnlyForDeploymentPostprocessing = 0;
		};
/* End PBXFrameworksBuildPhase section */

/* Begin PBXGroup section */
		847F252B1D4CED3700430ACA = {
			isa = PBXGroup;
			children = (
				847F25791D4CFF7300430ACA /* CtrlviewS */,
				847F25701D4CF26200430ACA /* CGM_label.h */,
				847F25711D4CF26300430ACA /* CGM_label.m */,
				847F256D1D4CEF6300430ACA /* NSString+Helper.h */,
				847F256E1D4CEF6300430ACA /* NSString+Helper.m */,
				847F256A1D4CEDCB00430ACA /* CGM_ViewControllerSegment.h */,
				847F256B1D4CEDCB00430ACA /* CGM_ViewControllerSegment.m */,
				847F25361D4CED3700430ACA /* Cgm_ScorllViewSegment */,
				847F25501D4CED3700430ACA /* Cgm_ScorllViewSegmentTests */,
				847F255B1D4CED3700430ACA /* Cgm_ScorllViewSegmentUITests */,
				847F25351D4CED3700430ACA /* Products */,
			);
			sourceTree = "<group>";
		};
		847F25351D4CED3700430ACA /* Products */ = {
			isa = PBXGroup;
			children = (
				847F25341D4CED3700430ACA /* Cgm_ScorllViewSegment.app */,
				847F254D1D4CED3700430ACA /* Cgm_ScorllViewSegmentTests.xctest */,
				847F25581D4CED3700430ACA /* Cgm_ScorllViewSegmentUITests.xctest */,
			);
			name = Products;
			sourceTree = "<group>";
		};
		847F25361D4CED3700430ACA /* Cgm_ScorllViewSegment */ = {
			isa = PBXGroup;
			children = (
				847F253A1D4CED3700430ACA /* AppDelegate.h */,
				847F253B1D4CED3700430ACA /* AppDelegate.m */,
				847F253D1D4CED3700430ACA /* ViewController.h */,
				847F253E1D4CED3700430ACA /* ViewController.m */,
				847F25401D4CED3700430ACA /* Main.storyboard */,
				847F25431D4CED3700430ACA /* Assets.xcassets */,
				847F25451D4CED3700430ACA /* LaunchScreen.storyboard */,
				847F25481D4CED3700430ACA /* Info.plist */,
				847F25371D4CED3700430ACA /* Supporting Files */,
			);
			path = Cgm_ScorllViewSegment;
			sourceTree = "<group>";
		};
		847F25371D4CED3700430ACA /* Supporting Files */ = {
			isa = PBXGroup;
			children = (
				847F25381D4CED3700430ACA /* main.m */,
			);
			name = "Supporting Files";
			sourceTree = "<group>";
		};
		847F25501D4CED3700430ACA /* Cgm_ScorllViewSegmentTests */ = {
			isa = PBXGroup;
			children = (
				847F25511D4CED3700430ACA /* Cgm_ScorllViewSegmentTests.m */,
				847F25531D4CED3700430ACA /* Info.plist */,
			);
			path = Cgm_ScorllViewSegmentTests;
			sourceTree = "<group>";
		};
		847F255B1D4CED3700430ACA /* Cgm_ScorllViewSegmentUITests */ = {
			isa = PBXGroup;
			children = (
				847F255C1D4CED3700430ACA /* Cgm_ScorllViewSegmentUITests.m */,
				847F255E1D4CED3700430ACA /* Info.plist */,
			);
			path = Cgm_ScorllViewSegmentUITests;
			sourceTree = "<group>";
		};
		847F25791D4CFF7300430ACA /* CtrlviewS */ = {
			isa = PBXGroup;
			children = (
				847F257A1D4CFF7300430ACA /* FiveViewController.h */,
				847F257B1D4CFF7300430ACA /* FiveViewController.m */,
				847F257C1D4CFF7300430ACA /* FourViewController.h */,
				847F257D1D4CFF7300430ACA /* FourViewController.m */,
				847F257E1D4CFF7300430ACA /* OneViewController.h */,
				847F257F1D4CFF7300430ACA /* OneViewController.m */,
				847F25801D4CFF7300430ACA /* SixViewController.h */,
				847F25811D4CFF7300430ACA /* SixViewController.m */,
				847F25821D4CFF7300430ACA /* ThreeViewController.h */,
				847F25831D4CFF7300430ACA /* ThreeViewController.m */,
				847F25841D4CFF7300430ACA /* TwoViewController.h */,
				847F25851D4CFF7300430ACA /* TwoViewController.m */,
				846D2A371D4DEDFE009DAE66 /* qiViewController.h */,
				846D2A381D4DEDFE009DAE66 /* qiViewController.m */,
				846D2A3A1D4DFA77009DAE66 /* baViewController.h */,
				846D2A3B1D4DFA77009DAE66 /* baViewController.m */,
			);
			path = CtrlviewS;
			sourceTree = "<group>";
		};
/* End PBXGroup section */

/* Begin PBXNativeTarget section */
		847F25331D4CED3700430ACA /* Cgm_ScorllViewSegment */ = {
			isa = PBXNativeTarget;
			buildConfigurationList = 847F25611D4CED3700430ACA /* Build configuration list for PBXNativeTarget "Cgm_ScorllViewSegment" */;
			buildPhases = (
				847F25301D4CED3700430ACA /* Sources */,
				847F25311D4CED3700430ACA /* Frameworks */,
				847F25321D4CED3700430ACA /* Resources */,
			);
			buildRules = (
			);
			dependencies = (
			);
			name = Cgm_ScorllViewSegment;
			productName = Cgm_ScorllViewSegment;
			productReference = 847F25341D4CED3700430ACA /* Cgm_ScorllViewSegment.app */;
			productType = "com.apple.product-type.application";
		};
		847F254C1D4CED3700430ACA /* Cgm_ScorllViewSegmentTests */ = {
			isa = PBXNativeTarget;
			buildConfigurationList = 847F25641D4CED3700430ACA /* Build configuration list for PBXNativeTarget "Cgm_ScorllViewSegmentTests" */;
			buildPhases = (
				847F25491D4CED3700430ACA /* Sources */,
				847F254A1D4CED3700430ACA /* Frameworks */,
				847F254B1D4CED3700430ACA /* Resources */,
			);
			buildRules = (
			);
			dependencies = (
				847F254F1D4CED3700430ACA /* PBXTargetDependency */,
			);
			name = Cgm_ScorllViewSegmentTests;
			productName = Cgm_ScorllViewSegmentTests;
			productReference = 847F254D1D4CED3700430ACA /* Cgm_ScorllViewSegmentTests.xctest */;
			productType = "com.apple.product-type.bundle.unit-test";
		};
		847F25571D4CED3700430ACA /* Cgm_ScorllViewSegmentUITests */ = {
			isa = PBXNativeTarget;
			buildConfigurationList = 847F25671D4CED3700430ACA /* Build configuration list for PBXNativeTarget "Cgm_ScorllViewSegmentUITests" */;
			buildPhases = (
				847F25541D4CED3700430ACA /* Sources */,
				847F25551D4CED3700430ACA /* Frameworks */,
				847F25561D4CED3700430ACA /* Resources */,
			);
			buildRules = (
			);
			dependencies = (
				847F255A1D4CED3700430ACA /* PBXTargetDependency */,
			);
			name = Cgm_ScorllViewSegmentUITests;
			productName = Cgm_ScorllViewSegmentUITests;
			productReference = 847F25581D4CED3700430ACA /* Cgm_ScorllViewSegmentUITests.xctest */;
			productType = "com.apple.product-type.bundle.ui-testing";
		};
/* End PBXNativeTarget section */

/* Begin PBXProject section */
		847F252C1D4CED3700430ACA /* Project object */ = {
			isa = PBXProject;
			attributes = {
				LastUpgradeCheck = 0720;
				ORGANIZATIONNAME = com.xc.zhutong;
				TargetAttributes = {
					847F25331D4CED3700430ACA = {
						CreatedOnToolsVersion = 7.2;
						DevelopmentTeam = P368NDNYWG;
						ProvisioningStyle = Automatic;
					};
					847F254C1D4CED3700430ACA = {
						CreatedOnToolsVersion = 7.2;
						TestTargetID = 847F25331D4CED3700430ACA;
					};
					847F25571D4CED3700430ACA = {
						CreatedOnToolsVersion = 7.2;
						TestTargetID = 847F25331D4CED3700430ACA;
					};
				};
			};
			buildConfigurationList = 847F252F1D4CED3700430ACA /* Build configuration list for PBXProject "Cgm_ScorllViewSegment" */;
			compatibilityVersion = "Xcode 3.2";
			developmentRegion = English;
			hasScannedForEncodings = 0;
			knownRegions = (
				en,
				Base,
			);
			mainGroup = 847F252B1D4CED3700430ACA;
			productRefGroup = 847F25351D4CED3700430ACA /* Products */;
			projectDirPath = "";
			projectRoot = "";
			targets = (
				847F25331D4CED3700430ACA /* Cgm_ScorllViewSegment */,
				847F254C1D4CED3700430ACA /* Cgm_ScorllViewSegmentTests */,
				847F25571D4CED3700430ACA /* Cgm_ScorllViewSegmentUITests */,
			);
		};
/* End PBXProject section */

/* Begin PBXResourcesBuildPhase section */
		847F25321D4CED3700430ACA /* Resources */ = {
			isa = PBXResourcesBuildPhase;
			buildActionMask = 2147483647;
			files = (
				847F25471D4CED3700430ACA /* LaunchScreen.storyboard in Resources */,
				847F25441D4CED3700430ACA /* Assets.xcassets in Resources */,
				847F25421D4CED3700430ACA /* Main.storyboard in Resources */,
			);
			runOnlyForDeploymentPostprocessing = 0;
		};
		847F254B1D4CED3700430ACA /* Resources */ = {
			isa = PBXResourcesBuildPhase;
			buildActionMask = 2147483647;
			files = (
			);
			runOnlyForDeploymentPostprocessing = 0;
		};
		847F25561D4CED3700430ACA /* Resources */ = {
			isa = PBXResourcesBuildPhase;
			buildActionMask = 2147483647;
			files = (
			);
			runOnlyForDeploymentPostprocessing = 0;
		};
/* End PBXResourcesBuildPhase section */

/* Begin PBXSourcesBuildPhase section */
		847F25301D4CED3700430ACA /* Sources */ = {
			isa = PBXSourcesBuildPhase;
			buildActionMask = 2147483647;
			files = (
				847F256F1D4CEF6300430ACA /* NSString+Helper.m in Sources */,
				847F253F1D4CED3700430ACA /* ViewController.m in Sources */,
				847F258A1D4CFF7300430ACA /* ThreeViewController.m in Sources */,
				847F258B1D4CFF7300430ACA /* TwoViewController.m in Sources */,
				846D2A391D4DEDFE009DAE66 /* qiViewController.m in Sources */,
				847F25871D4CFF7300430ACA /* FourViewController.m in Sources */,
				847F25881D4CFF7300430ACA /* OneViewController.m in Sources */,
				847F253C1D4CED3700430ACA /* AppDelegate.m in Sources */,
				847F256C1D4CEDCB00430ACA /* CGM_ViewControllerSegment.m in Sources */,
				847F25721D4CF26300430ACA /* CGM_label.m in Sources */,
				847F25391D4CED3700430ACA /* main.m in Sources */,
				846D2A3C1D4DFA77009DAE66 /* baViewController.m in Sources */,
				847F25861D4CFF7300430ACA /* FiveViewController.m in Sources */,
				847F25891D4CFF7300430ACA /* SixViewController.m in Sources */,
			);
			runOnlyForDeploymentPostprocessing = 0;
		};
		847F25491D4CED3700430ACA /* Sources */ = {
			isa = PBXSourcesBuildPhase;
			buildActionMask = 2147483647;
			files = (
				847F25521D4CED3700430ACA /* Cgm_ScorllViewSegmentTests.m in Sources */,
			);
			runOnlyForDeploymentPostprocessing = 0;
		};
		847F25541D4CED3700430ACA /* Sources */ = {
			isa = PBXSourcesBuildPhase;
			buildActionMask = 2147483647;
			files = (
				847F255D1D4CED3700430ACA /* Cgm_ScorllViewSegmentUITests.m in Sources */,
			);
			runOnlyForDeploymentPostprocessing = 0;
		};
/* End PBXSourcesBuildPhase section */

/* Begin PBXTargetDependency section */
		847F254F1D4CED3700430ACA /* PBXTargetDependency */ = {
			isa = PBXTargetDependency;
			target = 847F25331D4CED3700430ACA /* Cgm_ScorllViewSegment */;
			targetProxy = 847F254E1D4CED3700430ACA /* PBXContainerItemProxy */;
		};
		847F255A1D4CED3700430ACA /* PBXTargetDependency */ = {
			isa = PBXTargetDependency;
			target = 847F25331D4CED3700430ACA /* Cgm_ScorllViewSegment */;
			targetProxy = 847F25591D4CED3700430ACA /* PBXContainerItemProxy */;
		};
/* End PBXTargetDependency section */

/* Begin PBXVariantGroup section */
		847F25401D4CED3700430ACA /* Main.storyboard */ = {
			isa = PBXVariantGroup;
			children = (
				847F25411D4CED3700430ACA /* Base */,
			);
			name = Main.storyboard;
			sourceTree = "<group>";
		};
		847F25451D4CED3700430ACA /* LaunchScreen.storyboard */ = {
			isa = PBXVariantGroup;
			children = (
				847F25461D4CED3700430ACA /* Base */,
			);
			name = LaunchScreen.storyboard;
			sourceTree = "<group>";
		};
/* End PBXVariantGroup section */

/* Begin XCBuildConfiguration section */
		847F255F1D4CED3700430ACA /* Debug */ = {
			isa = XCBuildConfiguration;
			buildSettings = {
				ALWAYS_SEARCH_USER_PATHS = NO;
				CLANG_CXX_LANGUAGE_STANDARD = "gnu++0x";
				CLANG_CXX_LIBRARY = "libc++";
				CLANG_ENABLE_MODULES = YES;
				CLANG_ENABLE_OBJC_ARC = YES;
				CLANG_WARN_BOOL_CONVERSION = YES;
				CLANG_WARN_CONSTANT_CONVERSION = YES;
				CLANG_WARN_DIRECT_OBJC_ISA_USAGE = YES_ERROR;
				CLANG_WARN_EMPTY_BODY = YES;
				CLANG_WARN_ENUM_CONVERSION = YES;
				CLANG_WARN_INT_CONVERSION = YES;
				CLANG_WARN_OBJC_ROOT_CLASS = YES_ERROR;
				CLANG_WARN_UNREACHABLE_CODE = YES;
				CLANG_WARN__DUPLICATE_METHOD_MATCH = YES;
				"CODE_SIGN_IDENTITY[sdk=iphoneos*]" = "iPhone Developer";
				COPY_PHASE_STRIP = NO;
				DEBUG_INFORMATION_FORMAT = dwarf;
				ENABLE_STRICT_OBJC_MSGSEND = YES;
				ENABLE_TESTABILITY = YES;
				GCC_C_LANGUAGE_STANDARD = gnu99;
				GCC_DYNAMIC_NO_PIC = NO;
				GCC_NO_COMMON_BLOCKS = YES;
				GCC_OPTIMIZATION_LEVEL = 0;
				GCC_PREPROCESSOR_DEFINITIONS = (
					"DEBUG=1",
					"$(inherited)",
				);
				GCC_WARN_64_TO_32_BIT_CONVERSION = YES;
				GCC_WARN_ABOUT_RETURN_TYPE = YES_ERROR;
				GCC_WARN_UNDECLARED_SELECTOR = YES;
				GCC_WARN_UNINITIALIZED_AUTOS = YES_AGGRESSIVE;
				GCC_WARN_UNUSED_FUNCTION = YES;
				GCC_WARN_UNUSED_VARIABLE = YES;
				IPHONEOS_DEPLOYMENT_TARGET = 9.2;
				MTL_ENABLE_DEBUG_INFO = YES;
				ONLY_ACTIVE_ARCH = YES;
				SDKROOT = iphoneos;
			};
			name = Debug;
		};
		847F25601D4CED3700430ACA /* Release */ = {
			isa = XCBuildConfiguration;
			buildSettings = {
				ALWAYS_SEARCH_USER_PATHS = NO;
				CLANG_CXX_LANGUAGE_STANDARD = "gnu++0x";
				CLANG_CXX_LIBRARY = "libc++";
				CLANG_ENABLE_MODULES = YES;
				CLANG_ENABLE_OBJC_ARC = YES;
				CLANG_WARN_BOOL_CONVERSION = YES;
				CLANG_WARN_CONSTANT_CONVERSION = YES;
				CLANG_WARN_DIRECT_OBJC_ISA_USAGE = YES_ERROR;
				CLANG_WARN_EMPTY_BODY = YES;
				CLANG_WARN_ENUM_CONVERSION = YES;
				CLANG_WARN_INT_CONVERSION = YES;
				CLANG_WARN_OBJC_ROOT_CLASS = YES_ERROR;
				CLANG_WARN_UNREACHABLE_CODE = YES;
				CLANG_WARN__DUPLICATE_METHOD_MATCH = YES;
				"CODE_SIGN_IDENTITY[sdk=iphoneos*]" = "iPhone Developer";
				COPY_PHASE_STRIP = NO;
				DEBUG_INFORMATION_FORMAT = "dwarf-with-dsym";
				ENABLE_NS_ASSERTIONS = NO;
				ENABLE_STRICT_OBJC_MSGSEND = YES;
				GCC_C_LANGUAGE_STANDARD = gnu99;
				GCC_NO_COMMON_BLOCKS = YES;
				GCC_WARN_64_TO_32_BIT_CONVERSION = YES;
				GCC_WARN_ABOUT_RETURN_TYPE = YES_ERROR;
				GCC_WARN_UNDECLARED_SELECTOR = YES;
				GCC_WARN_UNINITIALIZED_AUTOS = YES_AGGRESSIVE;
				GCC_WARN_UNUSED_FUNCTION = YES;
				GCC_WARN_UNUSED_VARIABLE = YES;
				IPHONEOS_DEPLOYMENT_TARGET = 9.2;
				MTL_ENABLE_DEBUG_INFO = NO;
				SDKROOT = iphoneos;
				VALIDATE_PRODUCT = YES;
			};
			name = Release;
		};
		847F25621D4CED3700430ACA /* Debug */ = {
			isa = XCBuildConfiguration;
			buildSettings = {
				ASSETCATALOG_COMPILER_APPICON_NAME = AppIcon;
				CODE_SIGN_IDENTITY = "iPhone Developer: cgmsuccess@126.com (RNEG99R557)";
				"CODE_SIGN_IDENTITY[sdk=iphoneos*]" = "iPhone Developer";
				DEVELOPMENT_TEAM = P368NDNYWG;
				INFOPLIST_FILE = Cgm_ScorllViewSegment/Info.plist;
				IPHONEOS_DEPLOYMENT_TARGET = 8.0;
				LD_RUNPATH_SEARCH_PATHS = "$(inherited) @executable_path/Frameworks";
				PRODUCT_BUNDLE_IDENTIFIER = gs.demo;
				PRODUCT_NAME = "$(TARGET_NAME)";
				PROVISIONING_PROFILE = "";
				PROVISIONING_PROFILE_SPECIFIER = "";
			};
			name = Debug;
		};
		847F25631D4CED3700430ACA /* Release */ = {
			isa = XCBuildConfiguration;
			buildSettings = {
				ASSETCATALOG_COMPILER_APPICON_NAME = AppIcon;
				CODE_SIGN_IDENTITY = "iPhone Developer: cgmsuccess@126.com (RNEG99R557)";
				"CODE_SIGN_IDENTITY[sdk=iphoneos*]" = "iPhone Developer";
				DEVELOPMENT_TEAM = P368NDNYWG;
				INFOPLIST_FILE = Cgm_ScorllViewSegment/Info.plist;
				IPHONEOS_DEPLOYMENT_TARGET = 8.0;
				LD_RUNPATH_SEARCH_PATHS = "$(inherited) @executable_path/Frameworks";
				PRODUCT_BUNDLE_IDENTIFIER = gs.demo;
				PRODUCT_NAME = "$(TARGET_NAME)";
				PROVISIONING_PROFILE = "";
				PROVISIONING_PROFILE_SPECIFIER = "";
			};
			name = Release;
		};
		847F25651D4CED3700430ACA /* Debug */ = {
			isa = XCBuildConfiguration;
			buildSettings = {
				BUNDLE_LOADER = "$(TEST_HOST)";
				INFOPLIST_FILE = Cgm_ScorllViewSegmentTests/Info.plist;
				LD_RUNPATH_SEARCH_PATHS = "$(inherited) @executable_path/Frameworks @loader_path/Frameworks";
				PRODUCT_BUNDLE_IDENTIFIER = "com.zhutong.Cgm-ScorllViewSegmentTests";
				PRODUCT_NAME = "$(TARGET_NAME)";
				TEST_HOST = "$(BUILT_PRODUCTS_DIR)/Cgm_ScorllViewSegment.app/Cgm_ScorllViewSegment";
			};
			name = Debug;
		};
		847F25661D4CED3700430ACA /* Release */ = {
			isa = XCBuildConfiguration;
			buildSettings = {
				BUNDLE_LOADER = "$(TEST_HOST)";
				INFOPLIST_FILE = Cgm_ScorllViewSegmentTests/Info.plist;
				LD_RUNPATH_SEARCH_PATHS = "$(inherited) @executable_path/Frameworks @loader_path/Frameworks";
				PRODUCT_BUNDLE_IDENTIFIER = "com.zhutong.Cgm-ScorllViewSegmentTests";
				PRODUCT_NAME = "$(TARGET_NAME)";
				TEST_HOST = "$(BUILT_PRODUCTS_DIR)/Cgm_ScorllViewSegment.app/Cgm_ScorllViewSegment";
			};
			name = Release;
		};
		847F25681D4CED3700430ACA /* Debug */ = {
			isa = XCBuildConfiguration;
			buildSettings = {
				INFOPLIST_FILE = Cgm_ScorllViewSegmentUITests/Info.plist;
				LD_RUNPATH_SEARCH_PATHS = "$(inherited) @executable_path/Frameworks @loader_path/Frameworks";
				PRODUCT_BUNDLE_IDENTIFIER = "com.zhutong.Cgm-ScorllViewSegmentUITests";
				PRODUCT_NAME = "$(TARGET_NAME)";
				TEST_TARGET_NAME = Cgm_ScorllViewSegment;
				USES_XCTRUNNER = YES;
			};
			name = Debug;
		};
		847F25691D4CED3700430ACA /* Release */ = {
			isa = XCBuildConfiguration;
			buildSettings = {
				INFOPLIST_FILE = Cgm_ScorllViewSegmentUITests/Info.plist;
				LD_RUNPATH_SEARCH_PATHS = "$(inherited) @executable_path/Frameworks @loader_path/Frameworks";
				PRODUCT_BUNDLE_IDENTIFIER = "com.zhutong.Cgm-ScorllViewSegmentUITests";
				PRODUCT_NAME = "$(TARGET_NAME)";
				TEST_TARGET_NAME = Cgm_ScorllViewSegment;
				USES_XCTRUNNER = YES;
			};
			name = Release;
		};
/* End XCBuildConfiguration section */

/* Begin XCConfigurationList section */
		847F252F1D4CED3700430ACA /* Build configuration list for PBXProject "Cgm_ScorllViewSegment" */ = {
			isa = XCConfigurationList;
			buildConfigurations = (
				847F255F1D4CED3700430ACA /* Debug */,
				847F25601D4CED3700430ACA /* Release */,
			);
			defaultConfigurationIsVisible = 0;
			defaultConfigurationName = Release;
		};
		847F25611D4CED3700430ACA /* Build configuration list for PBXNativeTarget "Cgm_ScorllViewSegment" */ = {
			isa = XCConfigurationList;
			buildConfigurations = (
				847F25621D4CED3700430ACA /* Debug */,
				847F25631D4CED3700430ACA /* Release */,
			);
			defaultConfigurationIsVisible = 0;
			defaultConfigurationName = Release;
		};
		847F25641D4CED3700430ACA /* Build configuration list for PBXNativeTarget "Cgm_ScorllViewSegmentTests" */ = {
			isa = XCConfigurationList;
			buildConfigurations = (
				847F25651D4CED3700430ACA /* Debug */,
				847F25661D4CED3700430ACA /* Release */,
			);
			defaultConfigurationIsVisible = 0;
			defaultConfigurationName = Release;
		};
		847F25671D4CED3700430ACA /* Build configuration list for PBXNativeTarget "Cgm_ScorllViewSegmentUITests" */ = {
			isa = XCConfigurationList;
			buildConfigurations = (
				847F25681D4CED3700430ACA /* Debug */,
				847F25691D4CED3700430ACA /* Release */,
			);
			defaultConfigurationIsVisible = 0;
			defaultConfigurationName = Release;
		};
/* End XCConfigurationList section */
	};
	rootObject = 847F252C1D4CED3700430ACA /* Project object */;
}
